// !$*UTF8*$!
{
	archiveVersion = 1;
	classes = {
	};
	objectVersion = 56;
	objects = {

/* Begin PBXBuildFile section */
		660889FC2926DC0300CB5E23 /* AppDelegate.swift in Sources */ = {isa = PBXBuildFile; fileRef = 660889FB2926DC0300CB5E23 /* AppDelegate.swift */; };
		660889FE2926DC0300CB5E23 /* SceneDelegate.swift in Sources */ = {isa = PBXBuildFile; fileRef = 660889FD2926DC0300CB5E23 /* SceneDelegate.swift */; };
		66088A062926DC0300CB5E23 /* Kraeved.xcdatamodeld in Sources */ = {isa = PBXBuildFile; fileRef = 66088A042926DC0300CB5E23 /* Kraeved.xcdatamodeld */; };
		66088A082926DC0400CB5E23 /* Assets.xcassets in Resources */ = {isa = PBXBuildFile; fileRef = 66088A072926DC0400CB5E23 /* Assets.xcassets */; };
		66088A1E2926DC8000CB5E23 /* TabBarController.swift in Sources */ = {isa = PBXBuildFile; fileRef = 66088A1D2926DC8000CB5E23 /* TabBarController.swift */; };
		66088A252926DCD700CB5E23 /* MainScreenModuleBuilder.swift in Sources */ = {isa = PBXBuildFile; fileRef = 66088A202926DCD700CB5E23 /* MainScreenModuleBuilder.swift */; };
		66088A262926DCD700CB5E23 /* MainScreenPresenter.swift in Sources */ = {isa = PBXBuildFile; fileRef = 66088A212926DCD700CB5E23 /* MainScreenPresenter.swift */; };
		66088A272926DCD700CB5E23 /* MainScreenRouter.swift in Sources */ = {isa = PBXBuildFile; fileRef = 66088A222926DCD700CB5E23 /* MainScreenRouter.swift */; };
		66088A282926DCD700CB5E23 /* MainScreenViewController.swift in Sources */ = {isa = PBXBuildFile; fileRef = 66088A232926DCD700CB5E23 /* MainScreenViewController.swift */; };
		66088A292926DCD700CB5E23 /* MainScreenInteractor.swift in Sources */ = {isa = PBXBuildFile; fileRef = 66088A242926DCD700CB5E23 /* MainScreenInteractor.swift */; };
		66088A322926DD2D00CB5E23 /* MapScreenModuleBuilder.swift in Sources */ = {isa = PBXBuildFile; fileRef = 66088A2D2926DD2D00CB5E23 /* MapScreenModuleBuilder.swift */; };
		66088A332926DD2D00CB5E23 /* MapScreenPresenter.swift in Sources */ = {isa = PBXBuildFile; fileRef = 66088A2E2926DD2D00CB5E23 /* MapScreenPresenter.swift */; };
		66088A342926DD2D00CB5E23 /* MapScreenRouter.swift in Sources */ = {isa = PBXBuildFile; fileRef = 66088A2F2926DD2D00CB5E23 /* MapScreenRouter.swift */; };
		66088A352926DD2D00CB5E23 /* MapScreenViewController.swift in Sources */ = {isa = PBXBuildFile; fileRef = 66088A302926DD2D00CB5E23 /* MapScreenViewController.swift */; };
		66088A362926DD2D00CB5E23 /* MapScreenInteractor.swift in Sources */ = {isa = PBXBuildFile; fileRef = 66088A312926DD2D00CB5E23 /* MapScreenInteractor.swift */; };
		66088A392926DD7900CB5E23 /* APIManager.swift in Sources */ = {isa = PBXBuildFile; fileRef = 66088A382926DD7900CB5E23 /* APIManager.swift */; };
		66088A3B2926DD8900CB5E23 /* AnnotationManager.swift in Sources */ = {isa = PBXBuildFile; fileRef = 66088A3A2926DD8900CB5E23 /* AnnotationManager.swift */; };
		66088A452926DDA900CB5E23 /* Transport.swift in Sources */ = {isa = PBXBuildFile; fileRef = 66088A402926DDA900CB5E23 /* Transport.swift */; };
		66088A462926DDA900CB5E23 /* Annotation.swift in Sources */ = {isa = PBXBuildFile; fileRef = 66088A412926DDA900CB5E23 /* Annotation.swift */; };
		660F66242926EDBB00236A6D /* LaunchScreen.storyboard in Resources */ = {isa = PBXBuildFile; fileRef = 660F66232926EDBB00236A6D /* LaunchScreen.storyboard */; };
		660FD95E295345B900B69376 /* BaseRouterMock.swift in Sources */ = {isa = PBXBuildFile; fileRef = 660FD95D295345B900B69376 /* BaseRouterMock.swift */; };
		660FD96329534C5900B69376 /* BusinessObjectManagerMock.swift in Sources */ = {isa = PBXBuildFile; fileRef = 660FD96229534C5900B69376 /* BusinessObjectManagerMock.swift */; };
		660FD96529534E5E00B69376 /* EntityManagerTest.swift in Sources */ = {isa = PBXBuildFile; fileRef = 660FD96429534E5E00B69376 /* EntityManagerTest.swift */; };
		660FD96729534EAF00B69376 /* ImageManagerMock.swift in Sources */ = {isa = PBXBuildFile; fileRef = 660FD96629534EAF00B69376 /* ImageManagerMock.swift */; };
		660FD98E2956575600B69376 /* MiniAppsScreenModuleBuilder.swift in Sources */ = {isa = PBXBuildFile; fileRef = 660FD9892956575600B69376 /* MiniAppsScreenModuleBuilder.swift */; };
		660FD98F2956575600B69376 /* MiniAppsScreenPresenter.swift in Sources */ = {isa = PBXBuildFile; fileRef = 660FD98A2956575600B69376 /* MiniAppsScreenPresenter.swift */; };
		660FD9902956575600B69376 /* MiniAppsScreenRouter.swift in Sources */ = {isa = PBXBuildFile; fileRef = 660FD98B2956575600B69376 /* MiniAppsScreenRouter.swift */; };
		660FD9912956575600B69376 /* MiniAppsScreenViewController.swift in Sources */ = {isa = PBXBuildFile; fileRef = 660FD98C2956575600B69376 /* MiniAppsScreenViewController.swift */; };
		660FD9922956575600B69376 /* MiniAppsScreenInteractor.swift in Sources */ = {isa = PBXBuildFile; fileRef = 660FD98D2956575600B69376 /* MiniAppsScreenInteractor.swift */; };
		66183DE1292AA6CF008412B0 /* MainTableAdapter.swift in Sources */ = {isa = PBXBuildFile; fileRef = 66183DE0292AA6CF008412B0 /* MainTableAdapter.swift */; };
		66183DE6292AA797008412B0 /* MainTableViewCell.swift in Sources */ = {isa = PBXBuildFile; fileRef = 66183DE5292AA797008412B0 /* MainTableViewCell.swift */; };
		66183DE8292AAEE0008412B0 /* EntityCellView.swift in Sources */ = {isa = PBXBuildFile; fileRef = 66183DE7292AAEE0008412B0 /* EntityCellView.swift */; };
		66183DEB292AB5D4008412B0 /* generateRandomPastelColor.swift in Sources */ = {isa = PBXBuildFile; fileRef = 66183DEA292AB5D4008412B0 /* generateRandomPastelColor.swift */; };
		66183DEE292ABBEB008412B0 /* EntityCollectionCell.swift in Sources */ = {isa = PBXBuildFile; fileRef = 66183DED292ABBEB008412B0 /* EntityCollectionCell.swift */; };
		66183DF2292BA69B008412B0 /* User.swift in Sources */ = {isa = PBXBuildFile; fileRef = 66183DF1292BA69B008412B0 /* User.swift */; };
		66183DF5292BACC4008412B0 /* UIColor+Extra.swift in Sources */ = {isa = PBXBuildFile; fileRef = 66183DF4292BACC4008412B0 /* UIColor+Extra.swift */; };
		66183DF7292BC318008412B0 /* Constants.swift in Sources */ = {isa = PBXBuildFile; fileRef = 66183DF6292BC318008412B0 /* Constants.swift */; };
		66183DF9292BF2BC008412B0 /* Entity.swift in Sources */ = {isa = PBXBuildFile; fileRef = 66183DF8292BF2BC008412B0 /* Entity.swift */; };
		66183DFB292BF602008412B0 /* EntityManager.swift in Sources */ = {isa = PBXBuildFile; fileRef = 66183DFA292BF602008412B0 /* EntityManager.swift */; };
		66183DFD292BFE3E008412B0 /* ImageManager.swift in Sources */ = {isa = PBXBuildFile; fileRef = 66183DFC292BFE3E008412B0 /* ImageManager.swift */; };
		66183E01292C0C85008412B0 /* UIImage+blurImage.swift in Sources */ = {isa = PBXBuildFile; fileRef = 66183E00292C0C85008412B0 /* UIImage+blurImage.swift */; };
		66183E05292C1DF8008412B0 /* UIImage+areaAverage.swift in Sources */ = {isa = PBXBuildFile; fileRef = 66183E04292C1DF8008412B0 /* UIImage+areaAverage.swift */; };
		66183E07292C2B1D008412B0 /* UIColor+mix.swift in Sources */ = {isa = PBXBuildFile; fileRef = 66183E06292C2B1D008412B0 /* UIColor+mix.swift */; };
		66183E09292D6427008412B0 /* MetaObject.swift in Sources */ = {isa = PBXBuildFile; fileRef = 66183E08292D6427008412B0 /* MetaObject.swift */; };
		66183E0C292D7907008412B0 /* BusinessObject.swift in Sources */ = {isa = PBXBuildFile; fileRef = 66183E0B292D7907008412B0 /* BusinessObject.swift */; };
		66183E23292D7C8A008412B0 /* EntityDetailsModuleBuilder.swift in Sources */ = {isa = PBXBuildFile; fileRef = 66183E1E292D7C8A008412B0 /* EntityDetailsModuleBuilder.swift */; };
		66183E24292D7C8A008412B0 /* EntityDetailsPresenter.swift in Sources */ = {isa = PBXBuildFile; fileRef = 66183E1F292D7C8A008412B0 /* EntityDetailsPresenter.swift */; };
		66183E25292D7C8A008412B0 /* EntityDetailsRouter.swift in Sources */ = {isa = PBXBuildFile; fileRef = 66183E20292D7C8A008412B0 /* EntityDetailsRouter.swift */; };
		66183E26292D7C8A008412B0 /* EntityDetailsViewController.swift in Sources */ = {isa = PBXBuildFile; fileRef = 66183E21292D7C8A008412B0 /* EntityDetailsViewController.swift */; };
		66183E27292D7C8A008412B0 /* EntityDetailsInteractor.swift in Sources */ = {isa = PBXBuildFile; fileRef = 66183E22292D7C8A008412B0 /* EntityDetailsInteractor.swift */; };
		66183E29292D8293008412B0 /* MainTableCellFactory.swift in Sources */ = {isa = PBXBuildFile; fileRef = 66183E28292D8293008412B0 /* MainTableCellFactory.swift */; };
		6678803E29584E2900C622FC /* Localizable.strings in Resources */ = {isa = PBXBuildFile; fileRef = 66A8A5392926E9D5000BFC29 /* Localizable.strings */; };
		667880402958DB7F00C622FC /* AnnotationAddingView.swift in Sources */ = {isa = PBXBuildFile; fileRef = 6678803F2958DB7F00C622FC /* AnnotationAddingView.swift */; };
		668E6127294F805F00478BE3 /* ActivityIndicatorView.swift in Sources */ = {isa = PBXBuildFile; fileRef = 668E6126294F805F00478BE3 /* ActivityIndicatorView.swift */; };
		668E612B294FA48D00478BE3 /* Notifications.swift in Sources */ = {isa = PBXBuildFile; fileRef = 668E612A294FA48D00478BE3 /* Notifications.swift */; };
		668E612D294FAAE000478BE3 /* OnboardingView.swift in Sources */ = {isa = PBXBuildFile; fileRef = 668E612C294FAAE000478BE3 /* OnboardingView.swift */; };
		66956E3929310BFE00FC161C /* BusinessObjectManager.swift in Sources */ = {isa = PBXBuildFile; fileRef = 66956E3829310BFE00FC161C /* BusinessObjectManager.swift */; };
		66956E602932587D00FC161C /* SearchTableViewCell.swift in Sources */ = {isa = PBXBuildFile; fileRef = 66956E5F2932587D00FC161C /* SearchTableViewCell.swift */; };
		66956E62293259F600FC161C /* SearchTableAdapter.swift in Sources */ = {isa = PBXBuildFile; fileRef = 66956E61293259F600FC161C /* SearchTableAdapter.swift */; };
		669DC66E29657D8B0090D50C /* StartScreenModuleBuilder.swift in Sources */ = {isa = PBXBuildFile; fileRef = 669DC66929657D8B0090D50C /* StartScreenModuleBuilder.swift */; };
		669DC66F29657D8B0090D50C /* StartScreenPresenter.swift in Sources */ = {isa = PBXBuildFile; fileRef = 669DC66A29657D8B0090D50C /* StartScreenPresenter.swift */; };
		669DC67029657D8B0090D50C /* StartScreenRouter.swift in Sources */ = {isa = PBXBuildFile; fileRef = 669DC66B29657D8B0090D50C /* StartScreenRouter.swift */; };
		669DC67129657D8B0090D50C /* StartScreenViewController.swift in Sources */ = {isa = PBXBuildFile; fileRef = 669DC66C29657D8B0090D50C /* StartScreenViewController.swift */; };
		669DC67229657D8B0090D50C /* StartScreenInteractor.swift in Sources */ = {isa = PBXBuildFile; fileRef = 669DC66D29657D8B0090D50C /* StartScreenInteractor.swift */; };
		669DC674296595230090D50C /* format.swift in Sources */ = {isa = PBXBuildFile; fileRef = 669DC673296595230090D50C /* format.swift */; };
		669DC67729659CD50090D50C /* PhoneFormView.swift in Sources */ = {isa = PBXBuildFile; fileRef = 669DC67629659CD50090D50C /* PhoneFormView.swift */; };
		669DC67929659CF90090D50C /* CodeFormView.swift in Sources */ = {isa = PBXBuildFile; fileRef = 669DC67829659CF90090D50C /* CodeFormView.swift */; };
		669DC67B2966CA1F0090D50C /* AuthManager.swift in Sources */ = {isa = PBXBuildFile; fileRef = 669DC67A2966CA1F0090D50C /* AuthManager.swift */; };
		669DC67D296724540090D50C /* MiniAppCollectionAdapter.swift in Sources */ = {isa = PBXBuildFile; fileRef = 669DC67C296724540090D50C /* MiniAppCollectionAdapter.swift */; };
		669DC6802967263D0090D50C /* MiniAppCollectionCell.swift in Sources */ = {isa = PBXBuildFile; fileRef = 669DC67F2967263D0090D50C /* MiniAppCollectionCell.swift */; };
		669DC687296758590090D50C /* MessageScreenModuleBuilder.swift in Sources */ = {isa = PBXBuildFile; fileRef = 669DC682296758590090D50C /* MessageScreenModuleBuilder.swift */; };
		669DC688296758590090D50C /* MessageScreenPresenter.swift in Sources */ = {isa = PBXBuildFile; fileRef = 669DC683296758590090D50C /* MessageScreenPresenter.swift */; };
		669DC689296758590090D50C /* MessageScreenRouter.swift in Sources */ = {isa = PBXBuildFile; fileRef = 669DC684296758590090D50C /* MessageScreenRouter.swift */; };
		669DC68A296758590090D50C /* MessageScreenViewController.swift in Sources */ = {isa = PBXBuildFile; fileRef = 669DC685296758590090D50C /* MessageScreenViewController.swift */; };
		669DC68B296758590090D50C /* MessageScreenInteractor.swift in Sources */ = {isa = PBXBuildFile; fileRef = 669DC686296758590090D50C /* MessageScreenInteractor.swift */; };
		669DC6922967E5DF0090D50C /* GenealogyModuleBuilder.swift in Sources */ = {isa = PBXBuildFile; fileRef = 669DC68D2967E5DF0090D50C /* GenealogyModuleBuilder.swift */; };
		669DC6932967E5DF0090D50C /* GenealogyPresenter.swift in Sources */ = {isa = PBXBuildFile; fileRef = 669DC68E2967E5DF0090D50C /* GenealogyPresenter.swift */; };
		669DC6942967E5DF0090D50C /* GenealogyRouter.swift in Sources */ = {isa = PBXBuildFile; fileRef = 669DC68F2967E5DF0090D50C /* GenealogyRouter.swift */; };
		669DC6952967E5DF0090D50C /* GenealogyViewController.swift in Sources */ = {isa = PBXBuildFile; fileRef = 669DC6902967E5DF0090D50C /* GenealogyViewController.swift */; };
		669DC6962967E5DF0090D50C /* GenealogyInteractor.swift in Sources */ = {isa = PBXBuildFile; fileRef = 669DC6912967E5DF0090D50C /* GenealogyInteractor.swift */; };
		669DC69A2968267A0090D50C /* AnnotationTypePickerAdapter.swift in Sources */ = {isa = PBXBuildFile; fileRef = 669DC6992968267A0090D50C /* AnnotationTypePickerAdapter.swift */; };
		66A8A5012926E0DB000BFC29 /* BaseRouter.swift in Sources */ = {isa = PBXBuildFile; fileRef = 66A8A4FD2926E0DB000BFC29 /* BaseRouter.swift */; };
		66A8A5022926E0DB000BFC29 /* BaseViewController.swift in Sources */ = {isa = PBXBuildFile; fileRef = 66A8A4FE2926E0DB000BFC29 /* BaseViewController.swift */; };
		66A8A50B2926E173000BFC29 /* AnnotationScreenViewController.swift in Sources */ = {isa = PBXBuildFile; fileRef = 66A8A5062926E173000BFC29 /* AnnotationScreenViewController.swift */; };
		66A8A50C2926E173000BFC29 /* AnnotationScreenModuleBuilder.swift in Sources */ = {isa = PBXBuildFile; fileRef = 66A8A5072926E173000BFC29 /* AnnotationScreenModuleBuilder.swift */; };
		66A8A50D2926E173000BFC29 /* AnnotationScreenPresenter.swift in Sources */ = {isa = PBXBuildFile; fileRef = 66A8A5082926E173000BFC29 /* AnnotationScreenPresenter.swift */; };
		66A8A50E2926E173000BFC29 /* AnnotationScreenInteractor.swift in Sources */ = {isa = PBXBuildFile; fileRef = 66A8A5092926E173000BFC29 /* AnnotationScreenInteractor.swift */; };
		66A8A50F2926E173000BFC29 /* AnnotationScreenRouter.swift in Sources */ = {isa = PBXBuildFile; fileRef = 66A8A50A2926E173000BFC29 /* AnnotationScreenRouter.swift */; };
		66A8A5162926E1D9000BFC29 /* SearchScreenModuleBuilder.swift in Sources */ = {isa = PBXBuildFile; fileRef = 66A8A5112926E1D9000BFC29 /* SearchScreenModuleBuilder.swift */; };
		66A8A5172926E1D9000BFC29 /* SearchScreenRouter.swift in Sources */ = {isa = PBXBuildFile; fileRef = 66A8A5122926E1D9000BFC29 /* SearchScreenRouter.swift */; };
		66A8A5182926E1D9000BFC29 /* SearchScreenViewController.swift in Sources */ = {isa = PBXBuildFile; fileRef = 66A8A5132926E1D9000BFC29 /* SearchScreenViewController.swift */; };
		66A8A5192926E1D9000BFC29 /* SearchScreenPresenter.swift in Sources */ = {isa = PBXBuildFile; fileRef = 66A8A5142926E1D9000BFC29 /* SearchScreenPresenter.swift */; };
		66A8A51A2926E1D9000BFC29 /* SearchScreenInteractor.swift in Sources */ = {isa = PBXBuildFile; fileRef = 66A8A5152926E1D9000BFC29 /* SearchScreenInteractor.swift */; };
		66A8A5342926E9D0000BFC29 /* Localizable.strings in Resources */ = {isa = PBXBuildFile; fileRef = 66A8A5362926E9D0000BFC29 /* Localizable.strings */; };
		66A8A53B2926EA3A000BFC29 /* Main.storyboard in Resources */ = {isa = PBXBuildFile; fileRef = 66A8A53A2926EA3A000BFC29 /* Main.storyboard */; };
		66AFDD09296C0E3A0056A012 /* UserDefaultConstants.swift in Sources */ = {isa = PBXBuildFile; fileRef = 66AFDD08296C0E3A0056A012 /* UserDefaultConstants.swift */; };
		66BB6040295114BE00C6339A /* MainScreenTests.swift in Sources */ = {isa = PBXBuildFile; fileRef = 66BB603F295114BE00C6339A /* MainScreenTests.swift */; };
		66C1CDD12930217300249231 /* CollectionCellWithShimmer.swift in Sources */ = {isa = PBXBuildFile; fileRef = 66C1CDD02930217300249231 /* CollectionCellWithShimmer.swift */; };
		66C1CDD7293025F600249231 /* Array+safeIndex.swift in Sources */ = {isa = PBXBuildFile; fileRef = 66C1CDD6293025F600249231 /* Array+safeIndex.swift */; };
		66C55D1D2945B8B700EFB899 /* UIImage+Extra.swift in Sources */ = {isa = PBXBuildFile; fileRef = 66C55D1C2945B8B700EFB899 /* UIImage+Extra.swift */; };
		66C55D202945D35D00EFB899 /* AnnotationInfoView.swift in Sources */ = {isa = PBXBuildFile; fileRef = 66C55D1F2945D35D00EFB899 /* AnnotationInfoView.swift */; };
		66D41EA92932CA1800FD66CA /* ProfileModuleBuilder.swift in Sources */ = {isa = PBXBuildFile; fileRef = 66D41EA42932CA1800FD66CA /* ProfileModuleBuilder.swift */; };
		66D41EAA2932CA1800FD66CA /* ProfilePresenter.swift in Sources */ = {isa = PBXBuildFile; fileRef = 66D41EA52932CA1800FD66CA /* ProfilePresenter.swift */; };
		66D41EAB2932CA1800FD66CA /* ProfileRouter.swift in Sources */ = {isa = PBXBuildFile; fileRef = 66D41EA62932CA1800FD66CA /* ProfileRouter.swift */; };
		66D41EAC2932CA1800FD66CA /* ProfileViewController.swift in Sources */ = {isa = PBXBuildFile; fileRef = 66D41EA72932CA1800FD66CA /* ProfileViewController.swift */; };
		66D41EAD2932CA1800FD66CA /* ProfileInteractor.swift in Sources */ = {isa = PBXBuildFile; fileRef = 66D41EA82932CA1800FD66CA /* ProfileInteractor.swift */; };
		66D41EAF2932CD7300FD66CA /* ProfileTableAdapter.swift in Sources */ = {isa = PBXBuildFile; fileRef = 66D41EAE2932CD7300FD66CA /* ProfileTableAdapter.swift */; };
		66D41EB22932D1B700FD66CA /* ProfileTableViewCell.swift in Sources */ = {isa = PBXBuildFile; fileRef = 66D41EB12932D1B700FD66CA /* ProfileTableViewCell.swift */; };
		66D7D9042935235A003D0471 /* CoreDataManager.swift in Sources */ = {isa = PBXBuildFile; fileRef = 66D7D9032935235A003D0471 /* CoreDataManager.swift */; };
		66F0FE07295CB960005C0E7A /* KraevedKit.framework in Frameworks */ = {isa = PBXBuildFile; fileRef = 66F0FE06295CB960005C0E7A /* KraevedKit.framework */; };
		66FB06A2293FD26000DFEFA3 /* ImageCoreModel+CoreDataClass.swift in Sources */ = {isa = PBXBuildFile; fileRef = 66FB06A0293FD26000DFEFA3 /* ImageCoreModel+CoreDataClass.swift */; };
		66FB06A3293FD26000DFEFA3 /* ImageCoreModel+CoreDataProperties.swift in Sources */ = {isa = PBXBuildFile; fileRef = 66FB06A1293FD26000DFEFA3 /* ImageCoreModel+CoreDataProperties.swift */; };
		66FB06A6293FE06500DFEFA3 /* BusinessObjectCoreModel+CoreDataClass.swift in Sources */ = {isa = PBXBuildFile; fileRef = 66FB06A4293FE06500DFEFA3 /* BusinessObjectCoreModel+CoreDataClass.swift */; };
		66FB06A7293FE06500DFEFA3 /* BusinessObjectCoreModel+CoreDataProperties.swift in Sources */ = {isa = PBXBuildFile; fileRef = 66FB06A5293FE06500DFEFA3 /* BusinessObjectCoreModel+CoreDataProperties.swift */; };
		78A91A7ACDFB272218393D49 /* Pods_Kraeved.framework in Frameworks */ = {isa = PBXBuildFile; fileRef = B5910004C32DD89882D62D4B /* Pods_Kraeved.framework */; };
/* End PBXBuildFile section */

/* Begin PBXContainerItemProxy section */
		6609003C2950B6AA004642E7 /* PBXContainerItemProxy */ = {
			isa = PBXContainerItemProxy;
			containerPortal = 660889F02926DC0300CB5E23 /* Project object */;
			proxyType = 1;
			remoteGlobalIDString = 660889F72926DC0300CB5E23;
			remoteInfo = Kraeved;
		};
/* End PBXContainerItemProxy section */

/* Begin PBXFileReference section */
		569D5473541F4F83A3CCDE7D /* Pods-Kraeved.debug.xcconfig */ = {isa = PBXFileReference; includeInIndex = 1; lastKnownFileType = text.xcconfig; name = "Pods-Kraeved.debug.xcconfig"; path = "Target Support Files/Pods-Kraeved/Pods-Kraeved.debug.xcconfig"; sourceTree = "<group>"; };
		660889F82926DC0300CB5E23 /* Kraeved.app */ = {isa = PBXFileReference; explicitFileType = wrapper.application; includeInIndex = 0; path = Kraeved.app; sourceTree = BUILT_PRODUCTS_DIR; };
		660889FB2926DC0300CB5E23 /* AppDelegate.swift */ = {isa = PBXFileReference; lastKnownFileType = sourcecode.swift; path = AppDelegate.swift; sourceTree = "<group>"; };
		660889FD2926DC0300CB5E23 /* SceneDelegate.swift */ = {isa = PBXFileReference; lastKnownFileType = sourcecode.swift; path = SceneDelegate.swift; sourceTree = "<group>"; };
		66088A052926DC0300CB5E23 /* Kraeved.xcdatamodel */ = {isa = PBXFileReference; explicitFileType = wrapper.xcdatamodel; path = Kraeved.xcdatamodel; sourceTree = "<group>"; };
		66088A072926DC0400CB5E23 /* Assets.xcassets */ = {isa = PBXFileReference; lastKnownFileType = folder.assetcatalog; path = Assets.xcassets; sourceTree = "<group>"; };
		66088A0C2926DC0400CB5E23 /* Info.plist */ = {isa = PBXFileReference; lastKnownFileType = text.plist.xml; path = Info.plist; sourceTree = "<group>"; };
		66088A1D2926DC8000CB5E23 /* TabBarController.swift */ = {isa = PBXFileReference; lastKnownFileType = sourcecode.swift; path = TabBarController.swift; sourceTree = "<group>"; };
		66088A202926DCD700CB5E23 /* MainScreenModuleBuilder.swift */ = {isa = PBXFileReference; lastKnownFileType = sourcecode.swift; path = MainScreenModuleBuilder.swift; sourceTree = "<group>"; };
		66088A212926DCD700CB5E23 /* MainScreenPresenter.swift */ = {isa = PBXFileReference; lastKnownFileType = sourcecode.swift; path = MainScreenPresenter.swift; sourceTree = "<group>"; };
		66088A222926DCD700CB5E23 /* MainScreenRouter.swift */ = {isa = PBXFileReference; lastKnownFileType = sourcecode.swift; path = MainScreenRouter.swift; sourceTree = "<group>"; };
		66088A232926DCD700CB5E23 /* MainScreenViewController.swift */ = {isa = PBXFileReference; lastKnownFileType = sourcecode.swift; path = MainScreenViewController.swift; sourceTree = "<group>"; };
		66088A242926DCD700CB5E23 /* MainScreenInteractor.swift */ = {isa = PBXFileReference; lastKnownFileType = sourcecode.swift; path = MainScreenInteractor.swift; sourceTree = "<group>"; };
		66088A2D2926DD2D00CB5E23 /* MapScreenModuleBuilder.swift */ = {isa = PBXFileReference; lastKnownFileType = sourcecode.swift; path = MapScreenModuleBuilder.swift; sourceTree = "<group>"; };
		66088A2E2926DD2D00CB5E23 /* MapScreenPresenter.swift */ = {isa = PBXFileReference; lastKnownFileType = sourcecode.swift; path = MapScreenPresenter.swift; sourceTree = "<group>"; };
		66088A2F2926DD2D00CB5E23 /* MapScreenRouter.swift */ = {isa = PBXFileReference; lastKnownFileType = sourcecode.swift; path = MapScreenRouter.swift; sourceTree = "<group>"; };
		66088A302926DD2D00CB5E23 /* MapScreenViewController.swift */ = {isa = PBXFileReference; lastKnownFileType = sourcecode.swift; path = MapScreenViewController.swift; sourceTree = "<group>"; };
		66088A312926DD2D00CB5E23 /* MapScreenInteractor.swift */ = {isa = PBXFileReference; lastKnownFileType = sourcecode.swift; path = MapScreenInteractor.swift; sourceTree = "<group>"; };
		66088A382926DD7900CB5E23 /* APIManager.swift */ = {isa = PBXFileReference; lastKnownFileType = sourcecode.swift; path = APIManager.swift; sourceTree = "<group>"; };
		66088A3A2926DD8900CB5E23 /* AnnotationManager.swift */ = {isa = PBXFileReference; lastKnownFileType = sourcecode.swift; path = AnnotationManager.swift; sourceTree = "<group>"; };
		66088A402926DDA900CB5E23 /* Transport.swift */ = {isa = PBXFileReference; fileEncoding = 4; lastKnownFileType = sourcecode.swift; path = Transport.swift; sourceTree = "<group>"; };
		66088A412926DDA900CB5E23 /* Annotation.swift */ = {isa = PBXFileReference; fileEncoding = 4; lastKnownFileType = sourcecode.swift; path = Annotation.swift; sourceTree = "<group>"; };
		6609002E2950B4DE004642E7 /* XCTest.framework */ = {isa = PBXFileReference; lastKnownFileType = wrapper.framework; name = XCTest.framework; path = Platforms/iPhoneOS.platform/Developer/Library/Frameworks/XCTest.framework; sourceTree = DEVELOPER_DIR; };
		660900382950B6AA004642E7 /* KraevedTests.xctest */ = {isa = PBXFileReference; explicitFileType = wrapper.cfbundle; includeInIndex = 0; path = KraevedTests.xctest; sourceTree = BUILT_PRODUCTS_DIR; };
		660F66232926EDBB00236A6D /* LaunchScreen.storyboard */ = {isa = PBXFileReference; lastKnownFileType = file.storyboard; path = LaunchScreen.storyboard; sourceTree = "<group>"; };
		660FD95D295345B900B69376 /* BaseRouterMock.swift */ = {isa = PBXFileReference; lastKnownFileType = sourcecode.swift; path = BaseRouterMock.swift; sourceTree = "<group>"; };
		660FD96229534C5900B69376 /* BusinessObjectManagerMock.swift */ = {isa = PBXFileReference; lastKnownFileType = sourcecode.swift; path = BusinessObjectManagerMock.swift; sourceTree = "<group>"; };
		660FD96429534E5E00B69376 /* EntityManagerTest.swift */ = {isa = PBXFileReference; lastKnownFileType = sourcecode.swift; path = EntityManagerTest.swift; sourceTree = "<group>"; };
		660FD96629534EAF00B69376 /* ImageManagerMock.swift */ = {isa = PBXFileReference; lastKnownFileType = sourcecode.swift; path = ImageManagerMock.swift; sourceTree = "<group>"; };
		660FD9892956575600B69376 /* MiniAppsScreenModuleBuilder.swift */ = {isa = PBXFileReference; lastKnownFileType = sourcecode.swift; path = MiniAppsScreenModuleBuilder.swift; sourceTree = "<group>"; };
		660FD98A2956575600B69376 /* MiniAppsScreenPresenter.swift */ = {isa = PBXFileReference; lastKnownFileType = sourcecode.swift; path = MiniAppsScreenPresenter.swift; sourceTree = "<group>"; };
		660FD98B2956575600B69376 /* MiniAppsScreenRouter.swift */ = {isa = PBXFileReference; lastKnownFileType = sourcecode.swift; path = MiniAppsScreenRouter.swift; sourceTree = "<group>"; };
		660FD98C2956575600B69376 /* MiniAppsScreenViewController.swift */ = {isa = PBXFileReference; lastKnownFileType = sourcecode.swift; path = MiniAppsScreenViewController.swift; sourceTree = "<group>"; };
		660FD98D2956575600B69376 /* MiniAppsScreenInteractor.swift */ = {isa = PBXFileReference; lastKnownFileType = sourcecode.swift; path = MiniAppsScreenInteractor.swift; sourceTree = "<group>"; };
		66183DE0292AA6CF008412B0 /* MainTableAdapter.swift */ = {isa = PBXFileReference; lastKnownFileType = sourcecode.swift; path = MainTableAdapter.swift; sourceTree = "<group>"; };
		66183DE5292AA797008412B0 /* MainTableViewCell.swift */ = {isa = PBXFileReference; lastKnownFileType = sourcecode.swift; path = MainTableViewCell.swift; sourceTree = "<group>"; };
		66183DE7292AAEE0008412B0 /* EntityCellView.swift */ = {isa = PBXFileReference; lastKnownFileType = sourcecode.swift; path = EntityCellView.swift; sourceTree = "<group>"; };
		66183DEA292AB5D4008412B0 /* generateRandomPastelColor.swift */ = {isa = PBXFileReference; lastKnownFileType = sourcecode.swift; path = generateRandomPastelColor.swift; sourceTree = "<group>"; };
		66183DED292ABBEB008412B0 /* EntityCollectionCell.swift */ = {isa = PBXFileReference; lastKnownFileType = sourcecode.swift; path = EntityCollectionCell.swift; sourceTree = "<group>"; };
		66183DF1292BA69B008412B0 /* User.swift */ = {isa = PBXFileReference; lastKnownFileType = sourcecode.swift; path = User.swift; sourceTree = "<group>"; };
		66183DF4292BACC4008412B0 /* UIColor+Extra.swift */ = {isa = PBXFileReference; lastKnownFileType = sourcecode.swift; path = "UIColor+Extra.swift"; sourceTree = "<group>"; };
		66183DF6292BC318008412B0 /* Constants.swift */ = {isa = PBXFileReference; lastKnownFileType = sourcecode.swift; path = Constants.swift; sourceTree = "<group>"; };
		66183DF8292BF2BC008412B0 /* Entity.swift */ = {isa = PBXFileReference; lastKnownFileType = sourcecode.swift; path = Entity.swift; sourceTree = "<group>"; };
		66183DFA292BF602008412B0 /* EntityManager.swift */ = {isa = PBXFileReference; lastKnownFileType = sourcecode.swift; path = EntityManager.swift; sourceTree = "<group>"; };
		66183DFC292BFE3E008412B0 /* ImageManager.swift */ = {isa = PBXFileReference; lastKnownFileType = sourcecode.swift; path = ImageManager.swift; sourceTree = "<group>"; };
		66183E00292C0C85008412B0 /* UIImage+blurImage.swift */ = {isa = PBXFileReference; lastKnownFileType = sourcecode.swift; path = "UIImage+blurImage.swift"; sourceTree = "<group>"; };
		66183E04292C1DF8008412B0 /* UIImage+areaAverage.swift */ = {isa = PBXFileReference; lastKnownFileType = sourcecode.swift; path = "UIImage+areaAverage.swift"; sourceTree = "<group>"; };
		66183E06292C2B1D008412B0 /* UIColor+mix.swift */ = {isa = PBXFileReference; lastKnownFileType = sourcecode.swift; path = "UIColor+mix.swift"; sourceTree = "<group>"; };
		66183E08292D6427008412B0 /* MetaObject.swift */ = {isa = PBXFileReference; lastKnownFileType = sourcecode.swift; path = MetaObject.swift; sourceTree = "<group>"; };
		66183E0B292D7907008412B0 /* BusinessObject.swift */ = {isa = PBXFileReference; lastKnownFileType = sourcecode.swift; path = BusinessObject.swift; sourceTree = "<group>"; };
		66183E1E292D7C8A008412B0 /* EntityDetailsModuleBuilder.swift */ = {isa = PBXFileReference; lastKnownFileType = sourcecode.swift; path = EntityDetailsModuleBuilder.swift; sourceTree = "<group>"; };
		66183E1F292D7C8A008412B0 /* EntityDetailsPresenter.swift */ = {isa = PBXFileReference; lastKnownFileType = sourcecode.swift; path = EntityDetailsPresenter.swift; sourceTree = "<group>"; };
		66183E20292D7C8A008412B0 /* EntityDetailsRouter.swift */ = {isa = PBXFileReference; lastKnownFileType = sourcecode.swift; path = EntityDetailsRouter.swift; sourceTree = "<group>"; };
		66183E21292D7C8A008412B0 /* EntityDetailsViewController.swift */ = {isa = PBXFileReference; lastKnownFileType = sourcecode.swift; path = EntityDetailsViewController.swift; sourceTree = "<group>"; };
		66183E22292D7C8A008412B0 /* EntityDetailsInteractor.swift */ = {isa = PBXFileReference; lastKnownFileType = sourcecode.swift; path = EntityDetailsInteractor.swift; sourceTree = "<group>"; };
		66183E28292D8293008412B0 /* MainTableCellFactory.swift */ = {isa = PBXFileReference; lastKnownFileType = sourcecode.swift; path = MainTableCellFactory.swift; sourceTree = "<group>"; };
		6678803F2958DB7F00C622FC /* AnnotationAddingView.swift */ = {isa = PBXFileReference; lastKnownFileType = sourcecode.swift; path = AnnotationAddingView.swift; sourceTree = "<group>"; };
		668E6126294F805F00478BE3 /* ActivityIndicatorView.swift */ = {isa = PBXFileReference; lastKnownFileType = sourcecode.swift; path = ActivityIndicatorView.swift; sourceTree = "<group>"; };
		668E612A294FA48D00478BE3 /* Notifications.swift */ = {isa = PBXFileReference; lastKnownFileType = sourcecode.swift; path = Notifications.swift; sourceTree = "<group>"; };
		668E612C294FAAE000478BE3 /* OnboardingView.swift */ = {isa = PBXFileReference; lastKnownFileType = sourcecode.swift; path = OnboardingView.swift; sourceTree = "<group>"; };
		66956E3829310BFE00FC161C /* BusinessObjectManager.swift */ = {isa = PBXFileReference; lastKnownFileType = sourcecode.swift; path = BusinessObjectManager.swift; sourceTree = "<group>"; };
		66956E5F2932587D00FC161C /* SearchTableViewCell.swift */ = {isa = PBXFileReference; lastKnownFileType = sourcecode.swift; path = SearchTableViewCell.swift; sourceTree = "<group>"; };
		66956E61293259F600FC161C /* SearchTableAdapter.swift */ = {isa = PBXFileReference; lastKnownFileType = sourcecode.swift; path = SearchTableAdapter.swift; sourceTree = "<group>"; };
		669DC66929657D8B0090D50C /* StartScreenModuleBuilder.swift */ = {isa = PBXFileReference; lastKnownFileType = sourcecode.swift; path = StartScreenModuleBuilder.swift; sourceTree = "<group>"; };
		669DC66A29657D8B0090D50C /* StartScreenPresenter.swift */ = {isa = PBXFileReference; lastKnownFileType = sourcecode.swift; path = StartScreenPresenter.swift; sourceTree = "<group>"; };
		669DC66B29657D8B0090D50C /* StartScreenRouter.swift */ = {isa = PBXFileReference; lastKnownFileType = sourcecode.swift; path = StartScreenRouter.swift; sourceTree = "<group>"; };
		669DC66C29657D8B0090D50C /* StartScreenViewController.swift */ = {isa = PBXFileReference; lastKnownFileType = sourcecode.swift; path = StartScreenViewController.swift; sourceTree = "<group>"; };
		669DC66D29657D8B0090D50C /* StartScreenInteractor.swift */ = {isa = PBXFileReference; lastKnownFileType = sourcecode.swift; path = StartScreenInteractor.swift; sourceTree = "<group>"; };
		669DC673296595230090D50C /* format.swift */ = {isa = PBXFileReference; lastKnownFileType = sourcecode.swift; path = format.swift; sourceTree = "<group>"; };
		669DC67629659CD50090D50C /* PhoneFormView.swift */ = {isa = PBXFileReference; lastKnownFileType = sourcecode.swift; path = PhoneFormView.swift; sourceTree = "<group>"; };
		669DC67829659CF90090D50C /* CodeFormView.swift */ = {isa = PBXFileReference; lastKnownFileType = sourcecode.swift; path = CodeFormView.swift; sourceTree = "<group>"; };
		669DC67A2966CA1F0090D50C /* AuthManager.swift */ = {isa = PBXFileReference; lastKnownFileType = sourcecode.swift; path = AuthManager.swift; sourceTree = "<group>"; };
		669DC67C296724540090D50C /* MiniAppCollectionAdapter.swift */ = {isa = PBXFileReference; lastKnownFileType = sourcecode.swift; path = MiniAppCollectionAdapter.swift; sourceTree = "<group>"; };
		669DC67F2967263D0090D50C /* MiniAppCollectionCell.swift */ = {isa = PBXFileReference; lastKnownFileType = sourcecode.swift; path = MiniAppCollectionCell.swift; sourceTree = "<group>"; };
		669DC682296758590090D50C /* MessageScreenModuleBuilder.swift */ = {isa = PBXFileReference; lastKnownFileType = sourcecode.swift; path = MessageScreenModuleBuilder.swift; sourceTree = "<group>"; };
		669DC683296758590090D50C /* MessageScreenPresenter.swift */ = {isa = PBXFileReference; lastKnownFileType = sourcecode.swift; path = MessageScreenPresenter.swift; sourceTree = "<group>"; };
		669DC684296758590090D50C /* MessageScreenRouter.swift */ = {isa = PBXFileReference; lastKnownFileType = sourcecode.swift; path = MessageScreenRouter.swift; sourceTree = "<group>"; };
		669DC685296758590090D50C /* MessageScreenViewController.swift */ = {isa = PBXFileReference; lastKnownFileType = sourcecode.swift; path = MessageScreenViewController.swift; sourceTree = "<group>"; };
		669DC686296758590090D50C /* MessageScreenInteractor.swift */ = {isa = PBXFileReference; lastKnownFileType = sourcecode.swift; path = MessageScreenInteractor.swift; sourceTree = "<group>"; };
		669DC68D2967E5DF0090D50C /* GenealogyModuleBuilder.swift */ = {isa = PBXFileReference; lastKnownFileType = sourcecode.swift; path = GenealogyModuleBuilder.swift; sourceTree = "<group>"; };
		669DC68E2967E5DF0090D50C /* GenealogyPresenter.swift */ = {isa = PBXFileReference; lastKnownFileType = sourcecode.swift; path = GenealogyPresenter.swift; sourceTree = "<group>"; };
		669DC68F2967E5DF0090D50C /* GenealogyRouter.swift */ = {isa = PBXFileReference; lastKnownFileType = sourcecode.swift; path = GenealogyRouter.swift; sourceTree = "<group>"; };
		669DC6902967E5DF0090D50C /* GenealogyViewController.swift */ = {isa = PBXFileReference; lastKnownFileType = sourcecode.swift; path = GenealogyViewController.swift; sourceTree = "<group>"; };
		669DC6912967E5DF0090D50C /* GenealogyInteractor.swift */ = {isa = PBXFileReference; lastKnownFileType = sourcecode.swift; path = GenealogyInteractor.swift; sourceTree = "<group>"; };
		669DC6992968267A0090D50C /* AnnotationTypePickerAdapter.swift */ = {isa = PBXFileReference; lastKnownFileType = sourcecode.swift; path = AnnotationTypePickerAdapter.swift; sourceTree = "<group>"; };
		66A8A4FD2926E0DB000BFC29 /* BaseRouter.swift */ = {isa = PBXFileReference; fileEncoding = 4; lastKnownFileType = sourcecode.swift; path = BaseRouter.swift; sourceTree = "<group>"; };
		66A8A4FE2926E0DB000BFC29 /* BaseViewController.swift */ = {isa = PBXFileReference; fileEncoding = 4; lastKnownFileType = sourcecode.swift; path = BaseViewController.swift; sourceTree = "<group>"; };
		66A8A5062926E173000BFC29 /* AnnotationScreenViewController.swift */ = {isa = PBXFileReference; fileEncoding = 4; lastKnownFileType = sourcecode.swift; path = AnnotationScreenViewController.swift; sourceTree = "<group>"; };
		66A8A5072926E173000BFC29 /* AnnotationScreenModuleBuilder.swift */ = {isa = PBXFileReference; fileEncoding = 4; lastKnownFileType = sourcecode.swift; path = AnnotationScreenModuleBuilder.swift; sourceTree = "<group>"; };
		66A8A5082926E173000BFC29 /* AnnotationScreenPresenter.swift */ = {isa = PBXFileReference; fileEncoding = 4; lastKnownFileType = sourcecode.swift; path = AnnotationScreenPresenter.swift; sourceTree = "<group>"; };
		66A8A5092926E173000BFC29 /* AnnotationScreenInteractor.swift */ = {isa = PBXFileReference; fileEncoding = 4; lastKnownFileType = sourcecode.swift; path = AnnotationScreenInteractor.swift; sourceTree = "<group>"; };
		66A8A50A2926E173000BFC29 /* AnnotationScreenRouter.swift */ = {isa = PBXFileReference; fileEncoding = 4; lastKnownFileType = sourcecode.swift; path = AnnotationScreenRouter.swift; sourceTree = "<group>"; };
		66A8A5112926E1D9000BFC29 /* SearchScreenModuleBuilder.swift */ = {isa = PBXFileReference; fileEncoding = 4; lastKnownFileType = sourcecode.swift; path = SearchScreenModuleBuilder.swift; sourceTree = "<group>"; };
		66A8A5122926E1D9000BFC29 /* SearchScreenRouter.swift */ = {isa = PBXFileReference; fileEncoding = 4; lastKnownFileType = sourcecode.swift; path = SearchScreenRouter.swift; sourceTree = "<group>"; };
		66A8A5132926E1D9000BFC29 /* SearchScreenViewController.swift */ = {isa = PBXFileReference; fileEncoding = 4; lastKnownFileType = sourcecode.swift; path = SearchScreenViewController.swift; sourceTree = "<group>"; };
		66A8A5142926E1D9000BFC29 /* SearchScreenPresenter.swift */ = {isa = PBXFileReference; fileEncoding = 4; lastKnownFileType = sourcecode.swift; path = SearchScreenPresenter.swift; sourceTree = "<group>"; };
		66A8A5152926E1D9000BFC29 /* SearchScreenInteractor.swift */ = {isa = PBXFileReference; fileEncoding = 4; lastKnownFileType = sourcecode.swift; path = SearchScreenInteractor.swift; sourceTree = "<group>"; };
		66A8A5352926E9D0000BFC29 /* en */ = {isa = PBXFileReference; lastKnownFileType = text.plist.strings; name = en; path = en.lproj/Localizable.strings; sourceTree = "<group>"; };
		66A8A5382926E9D5000BFC29 /* ru */ = {isa = PBXFileReference; lastKnownFileType = text.plist.strings; name = ru; path = ru.lproj/Localizable.strings; sourceTree = "<group>"; };
		66A8A53A2926EA3A000BFC29 /* Main.storyboard */ = {isa = PBXFileReference; lastKnownFileType = file.storyboard; path = Main.storyboard; sourceTree = "<group>"; };
		66AFDD08296C0E3A0056A012 /* UserDefaultConstants.swift */ = {isa = PBXFileReference; lastKnownFileType = sourcecode.swift; path = UserDefaultConstants.swift; sourceTree = "<group>"; };
		66BB603F295114BE00C6339A /* MainScreenTests.swift */ = {isa = PBXFileReference; lastKnownFileType = sourcecode.swift; path = MainScreenTests.swift; sourceTree = "<group>"; };
		66C1CDD02930217300249231 /* CollectionCellWithShimmer.swift */ = {isa = PBXFileReference; lastKnownFileType = sourcecode.swift; path = CollectionCellWithShimmer.swift; sourceTree = "<group>"; };
		66C1CDD6293025F600249231 /* Array+safeIndex.swift */ = {isa = PBXFileReference; lastKnownFileType = sourcecode.swift; path = "Array+safeIndex.swift"; sourceTree = "<group>"; };
		66C55D1C2945B8B700EFB899 /* UIImage+Extra.swift */ = {isa = PBXFileReference; lastKnownFileType = sourcecode.swift; path = "UIImage+Extra.swift"; sourceTree = "<group>"; };
		66C55D1F2945D35D00EFB899 /* AnnotationInfoView.swift */ = {isa = PBXFileReference; lastKnownFileType = sourcecode.swift; path = AnnotationInfoView.swift; sourceTree = "<group>"; };
		66D41EA42932CA1800FD66CA /* ProfileModuleBuilder.swift */ = {isa = PBXFileReference; lastKnownFileType = sourcecode.swift; path = ProfileModuleBuilder.swift; sourceTree = "<group>"; };
		66D41EA52932CA1800FD66CA /* ProfilePresenter.swift */ = {isa = PBXFileReference; lastKnownFileType = sourcecode.swift; path = ProfilePresenter.swift; sourceTree = "<group>"; };
		66D41EA62932CA1800FD66CA /* ProfileRouter.swift */ = {isa = PBXFileReference; lastKnownFileType = sourcecode.swift; path = ProfileRouter.swift; sourceTree = "<group>"; };
		66D41EA72932CA1800FD66CA /* ProfileViewController.swift */ = {isa = PBXFileReference; lastKnownFileType = sourcecode.swift; path = ProfileViewController.swift; sourceTree = "<group>"; };
		66D41EA82932CA1800FD66CA /* ProfileInteractor.swift */ = {isa = PBXFileReference; lastKnownFileType = sourcecode.swift; path = ProfileInteractor.swift; sourceTree = "<group>"; };
		66D41EAE2932CD7300FD66CA /* ProfileTableAdapter.swift */ = {isa = PBXFileReference; lastKnownFileType = sourcecode.swift; path = ProfileTableAdapter.swift; sourceTree = "<group>"; };
		66D41EB12932D1B700FD66CA /* ProfileTableViewCell.swift */ = {isa = PBXFileReference; lastKnownFileType = sourcecode.swift; path = ProfileTableViewCell.swift; sourceTree = "<group>"; };
		66D7D9032935235A003D0471 /* CoreDataManager.swift */ = {isa = PBXFileReference; lastKnownFileType = sourcecode.swift; path = CoreDataManager.swift; sourceTree = "<group>"; };
		66D7D91329356819003D0471 /* Kraeved2.xcdatamodel */ = {isa = PBXFileReference; lastKnownFileType = wrapper.xcdatamodel; path = Kraeved2.xcdatamodel; sourceTree = "<group>"; };
		66F0FDFE295CB2FD005C0E7A /* KraevedKit.framework */ = {isa = PBXFileReference; explicitFileType = wrapper.framework; path = KraevedKit.framework; sourceTree = BUILT_PRODUCTS_DIR; };
		66F0FE02295CB33D005C0E7A /* KraevedKit.framework */ = {isa = PBXFileReference; explicitFileType = wrapper.framework; path = KraevedKit.framework; sourceTree = BUILT_PRODUCTS_DIR; };
		66F0FE06295CB960005C0E7A /* KraevedKit.framework */ = {isa = PBXFileReference; explicitFileType = wrapper.framework; path = KraevedKit.framework; sourceTree = BUILT_PRODUCTS_DIR; };
		66FB06A0293FD26000DFEFA3 /* ImageCoreModel+CoreDataClass.swift */ = {isa = PBXFileReference; lastKnownFileType = sourcecode.swift; path = "ImageCoreModel+CoreDataClass.swift"; sourceTree = "<group>"; };
		66FB06A1293FD26000DFEFA3 /* ImageCoreModel+CoreDataProperties.swift */ = {isa = PBXFileReference; lastKnownFileType = sourcecode.swift; path = "ImageCoreModel+CoreDataProperties.swift"; sourceTree = "<group>"; };
		66FB06A4293FE06500DFEFA3 /* BusinessObjectCoreModel+CoreDataClass.swift */ = {isa = PBXFileReference; lastKnownFileType = sourcecode.swift; path = "BusinessObjectCoreModel+CoreDataClass.swift"; sourceTree = "<group>"; };
		66FB06A5293FE06500DFEFA3 /* BusinessObjectCoreModel+CoreDataProperties.swift */ = {isa = PBXFileReference; lastKnownFileType = sourcecode.swift; path = "BusinessObjectCoreModel+CoreDataProperties.swift"; sourceTree = "<group>"; };
		AF7524B75B291D688488817C /* Pods-Kraeved.release.xcconfig */ = {isa = PBXFileReference; includeInIndex = 1; lastKnownFileType = text.xcconfig; name = "Pods-Kraeved.release.xcconfig"; path = "Target Support Files/Pods-Kraeved/Pods-Kraeved.release.xcconfig"; sourceTree = "<group>"; };
		B5910004C32DD89882D62D4B /* Pods_Kraeved.framework */ = {isa = PBXFileReference; explicitFileType = wrapper.framework; includeInIndex = 0; path = Pods_Kraeved.framework; sourceTree = BUILT_PRODUCTS_DIR; };
/* End PBXFileReference section */

/* Begin PBXFrameworksBuildPhase section */
		660889F52926DC0300CB5E23 /* Frameworks */ = {
			isa = PBXFrameworksBuildPhase;
			buildActionMask = 2147483647;
			files = (
				66F0FE07295CB960005C0E7A /* KraevedKit.framework in Frameworks */,
				78A91A7ACDFB272218393D49 /* Pods_Kraeved.framework in Frameworks */,
			);
			runOnlyForDeploymentPostprocessing = 0;
		};
		660900352950B6AA004642E7 /* Frameworks */ = {
			isa = PBXFrameworksBuildPhase;
			buildActionMask = 2147483647;
			files = (
			);
			runOnlyForDeploymentPostprocessing = 0;
		};
/* End PBXFrameworksBuildPhase section */

/* Begin PBXGroup section */
		1C31E844F61B23A9C4DE8E74 /* Pods */ = {
			isa = PBXGroup;
			children = (
				569D5473541F4F83A3CCDE7D /* Pods-Kraeved.debug.xcconfig */,
				AF7524B75B291D688488817C /* Pods-Kraeved.release.xcconfig */,
			);
			path = Pods;
			sourceTree = "<group>";
		};
		660889EF2926DC0300CB5E23 = {
			isa = PBXGroup;
			children = (
				660889FA2926DC0300CB5E23 /* Kraeved */,
				660900392950B6AA004642E7 /* KraevedTests */,
				660889F92926DC0300CB5E23 /* Products */,
				A8BBCC3D38B1C0ED62D570A6 /* Frameworks */,
				1C31E844F61B23A9C4DE8E74 /* Pods */,
			);
			sourceTree = "<group>";
		};
		660889F92926DC0300CB5E23 /* Products */ = {
			isa = PBXGroup;
			children = (
				660889F82926DC0300CB5E23 /* Kraeved.app */,
				660900382950B6AA004642E7 /* KraevedTests.xctest */,
			);
			name = Products;
			sourceTree = "<group>";
		};
		660889FA2926DC0300CB5E23 /* Kraeved */ = {
			isa = PBXGroup;
			children = (
				66183DE9292AB5BB008412B0 /* Helpers */,
				66183DDF292AA6B1008412B0 /* Adapters */,
				66088A4A2926DDF100CB5E23 /* Resources */,
				66088A472926DDC800CB5E23 /* Extensions */,
				66088A3C2926DD9400CB5E23 /* Models */,
				66088A372926DD5E00CB5E23 /* Services */,
				66088A2A2926DD0500CB5E23 /* VIPER */,
				66183DE3292AA74D008412B0 /* Views */,
				660889FD2926DC0300CB5E23 /* SceneDelegate.swift */,
				660889FB2926DC0300CB5E23 /* AppDelegate.swift */,
				66088A1D2926DC8000CB5E23 /* TabBarController.swift */,
				66088A0C2926DC0400CB5E23 /* Info.plist */,
				66088A042926DC0300CB5E23 /* Kraeved.xcdatamodeld */,
				66A8A53A2926EA3A000BFC29 /* Main.storyboard */,
				660F66232926EDBB00236A6D /* LaunchScreen.storyboard */,
			);
			path = Kraeved;
			sourceTree = "<group>";
		};
		66088A2A2926DD0500CB5E23 /* VIPER */ = {
			isa = PBXGroup;
			children = (
				669DC681296758410090D50C /* MessageScreen */,
				669DC66829657D790090D50C /* StartScreen */,
				660FD9882956574600B69376 /* MiniAppsScreen */,
				66183E11292D7BB7008412B0 /* EntityDetails */,
				66D41EA32932CA0400FD66CA /* Profile */,
				66A8A5102926E1D9000BFC29 /* SearchScreen */,
				66A8A5032926E161000BFC29 /* AnnotationScreen */,
				66A8A4FA2926E0C9000BFC29 /* Base */,
				66088A2C2926DD1800CB5E23 /* MapScreen */,
				66088A2B2926DD0500CB5E23 /* MainScreen */,
			);
			path = VIPER;
			sourceTree = "<group>";
		};
		66088A2B2926DD0500CB5E23 /* MainScreen */ = {
			isa = PBXGroup;
			children = (
				66088A202926DCD700CB5E23 /* MainScreenModuleBuilder.swift */,
				66088A212926DCD700CB5E23 /* MainScreenPresenter.swift */,
				66088A222926DCD700CB5E23 /* MainScreenRouter.swift */,
				66088A232926DCD700CB5E23 /* MainScreenViewController.swift */,
				66088A242926DCD700CB5E23 /* MainScreenInteractor.swift */,
			);
			path = MainScreen;
			sourceTree = "<group>";
		};
		66088A2C2926DD1800CB5E23 /* MapScreen */ = {
			isa = PBXGroup;
			children = (
				66088A2D2926DD2D00CB5E23 /* MapScreenModuleBuilder.swift */,
				66088A2E2926DD2D00CB5E23 /* MapScreenPresenter.swift */,
				66088A2F2926DD2D00CB5E23 /* MapScreenRouter.swift */,
				66088A302926DD2D00CB5E23 /* MapScreenViewController.swift */,
				66088A312926DD2D00CB5E23 /* MapScreenInteractor.swift */,
			);
			path = MapScreen;
			sourceTree = "<group>";
		};
		66088A372926DD5E00CB5E23 /* Services */ = {
			isa = PBXGroup;
			children = (
				66088A382926DD7900CB5E23 /* APIManager.swift */,
				66088A3A2926DD8900CB5E23 /* AnnotationManager.swift */,
				66183DFA292BF602008412B0 /* EntityManager.swift */,
				66183DFC292BFE3E008412B0 /* ImageManager.swift */,
				66956E3829310BFE00FC161C /* BusinessObjectManager.swift */,
				66D7D9032935235A003D0471 /* CoreDataManager.swift */,
				669DC67A2966CA1F0090D50C /* AuthManager.swift */,
			);
			path = Services;
			sourceTree = "<group>";
		};
		66088A3C2926DD9400CB5E23 /* Models */ = {
			isa = PBXGroup;
			children = (
				66D7D9002935228C003D0471 /* CodeData */,
				66183E0E292D79CE008412B0 /* Objects */,
				66183E0D292D79B2008412B0 /* Annotations */,
				66183E0A292D78F4008412B0 /* API */,
				66088A402926DDA900CB5E23 /* Transport.swift */,
			);
			path = Models;
			sourceTree = "<group>";
		};
		66088A472926DDC800CB5E23 /* Extensions */ = {
			isa = PBXGroup;
			children = (
				66C55D1C2945B8B700EFB899 /* UIImage+Extra.swift */,
				66183DF4292BACC4008412B0 /* UIColor+Extra.swift */,
				66183E00292C0C85008412B0 /* UIImage+blurImage.swift */,
				66183E04292C1DF8008412B0 /* UIImage+areaAverage.swift */,
				66183E06292C2B1D008412B0 /* UIColor+mix.swift */,
				66C1CDD6293025F600249231 /* Array+safeIndex.swift */,
				668E612A294FA48D00478BE3 /* Notifications.swift */,
			);
			path = Extensions;
			sourceTree = "<group>";
		};
		66088A4A2926DDF100CB5E23 /* Resources */ = {
			isa = PBXGroup;
			children = (
				66088A072926DC0400CB5E23 /* Assets.xcassets */,
				66A8A5362926E9D0000BFC29 /* Localizable.strings */,
				66A8A5392926E9D5000BFC29 /* Localizable.strings */,
			);
			path = Resources;
			sourceTree = "<group>";
		};
		660900392950B6AA004642E7 /* KraevedTests */ = {
			isa = PBXGroup;
			children = (
				660FD95F29534A9900B69376 /* ServiceTests */,
				660FD95C295345AD00B69376 /* Mocks */,
				66BB603E295114A600C6339A /* MainScreenTests */,
			);
			path = KraevedTests;
			sourceTree = "<group>";
		};
		660FD95C295345AD00B69376 /* Mocks */ = {
			isa = PBXGroup;
			children = (
				660FD95D295345B900B69376 /* BaseRouterMock.swift */,
				660FD96229534C5900B69376 /* BusinessObjectManagerMock.swift */,
				660FD96629534EAF00B69376 /* ImageManagerMock.swift */,
			);
			path = Mocks;
			sourceTree = "<group>";
		};
		660FD95F29534A9900B69376 /* ServiceTests */ = {
			isa = PBXGroup;
			children = (
				660FD96429534E5E00B69376 /* EntityManagerTest.swift */,
			);
			path = ServiceTests;
			sourceTree = "<group>";
		};
		660FD9882956574600B69376 /* MiniAppsScreen */ = {
			isa = PBXGroup;
			children = (
				669DC68C2967E5C60090D50C /* Genealogy */,
				660FD9892956575600B69376 /* MiniAppsScreenModuleBuilder.swift */,
				660FD98A2956575600B69376 /* MiniAppsScreenPresenter.swift */,
				660FD98B2956575600B69376 /* MiniAppsScreenRouter.swift */,
				660FD98C2956575600B69376 /* MiniAppsScreenViewController.swift */,
				660FD98D2956575600B69376 /* MiniAppsScreenInteractor.swift */,
			);
			path = MiniAppsScreen;
			sourceTree = "<group>";
		};
		66183DDF292AA6B1008412B0 /* Adapters */ = {
			isa = PBXGroup;
			children = (
				66183DE0292AA6CF008412B0 /* MainTableAdapter.swift */,
				66956E61293259F600FC161C /* SearchTableAdapter.swift */,
				66D41EAE2932CD7300FD66CA /* ProfileTableAdapter.swift */,
				669DC67C296724540090D50C /* MiniAppCollectionAdapter.swift */,
				669DC6992968267A0090D50C /* AnnotationTypePickerAdapter.swift */,
			);
			path = Adapters;
			sourceTree = "<group>";
		};
		66183DE3292AA74D008412B0 /* Views */ = {
			isa = PBXGroup;
			children = (
				669DC67E296726280090D50C /* MiniApps */,
				669DC67529659CC40090D50C /* StartScreen */,
				66C55D1E2945D34A00EFB899 /* MapScreen */,
				66D41EB02932D1A700FD66CA /* Profile */,
				66956E5E2932584C00FC161C /* SearchScreen */,
				66C1CDD8293026BB00249231 /* Common */,
				66183DE4292AA780008412B0 /* MainScreen */,
				668E6126294F805F00478BE3 /* ActivityIndicatorView.swift */,
				668E612C294FAAE000478BE3 /* OnboardingView.swift */,
			);
			path = Views;
			sourceTree = "<group>";
		};
		66183DE4292AA780008412B0 /* MainScreen */ = {
			isa = PBXGroup;
			children = (
				66183DE5292AA797008412B0 /* MainTableViewCell.swift */,
				66183E28292D8293008412B0 /* MainTableCellFactory.swift */,
				66183DF3292BA7A9008412B0 /* Entities */,
			);
			path = MainScreen;
			sourceTree = "<group>";
		};
		66183DE9292AB5BB008412B0 /* Helpers */ = {
			isa = PBXGroup;
			children = (
				66183DEA292AB5D4008412B0 /* generateRandomPastelColor.swift */,
				66183DF6292BC318008412B0 /* Constants.swift */,
				669DC673296595230090D50C /* format.swift */,
				66AFDD08296C0E3A0056A012 /* UserDefaultConstants.swift */,
			);
			path = Helpers;
			sourceTree = "<group>";
		};
		66183DF3292BA7A9008412B0 /* Entities */ = {
			isa = PBXGroup;
			children = (
				66183DE7292AAEE0008412B0 /* EntityCellView.swift */,
				66183DED292ABBEB008412B0 /* EntityCollectionCell.swift */,
			);
			path = Entities;
			sourceTree = "<group>";
		};
		66183E0A292D78F4008412B0 /* API */ = {
			isa = PBXGroup;
			children = (
				66183E0B292D7907008412B0 /* BusinessObject.swift */,
			);
			path = API;
			sourceTree = "<group>";
		};
		66183E0D292D79B2008412B0 /* Annotations */ = {
			isa = PBXGroup;
			children = (
				66088A412926DDA900CB5E23 /* Annotation.swift */,
			);
			path = Annotations;
			sourceTree = "<group>";
		};
		66183E0E292D79CE008412B0 /* Objects */ = {
			isa = PBXGroup;
			children = (
				66183DF1292BA69B008412B0 /* User.swift */,
				66183DF8292BF2BC008412B0 /* Entity.swift */,
				66183E08292D6427008412B0 /* MetaObject.swift */,
			);
			path = Objects;
			sourceTree = "<group>";
		};
		66183E11292D7BB7008412B0 /* EntityDetails */ = {
			isa = PBXGroup;
			children = (
				66183E1E292D7C8A008412B0 /* EntityDetailsModuleBuilder.swift */,
				66183E1F292D7C8A008412B0 /* EntityDetailsPresenter.swift */,
				66183E20292D7C8A008412B0 /* EntityDetailsRouter.swift */,
				66183E21292D7C8A008412B0 /* EntityDetailsViewController.swift */,
				66183E22292D7C8A008412B0 /* EntityDetailsInteractor.swift */,
			);
			path = EntityDetails;
			sourceTree = "<group>";
		};
		66956E5E2932584C00FC161C /* SearchScreen */ = {
			isa = PBXGroup;
			children = (
				66956E5F2932587D00FC161C /* SearchTableViewCell.swift */,
			);
			path = SearchScreen;
			sourceTree = "<group>";
		};
		669DC66829657D790090D50C /* StartScreen */ = {
			isa = PBXGroup;
			children = (
				669DC66929657D8B0090D50C /* StartScreenModuleBuilder.swift */,
				669DC66A29657D8B0090D50C /* StartScreenPresenter.swift */,
				669DC66B29657D8B0090D50C /* StartScreenRouter.swift */,
				669DC66C29657D8B0090D50C /* StartScreenViewController.swift */,
				669DC66D29657D8B0090D50C /* StartScreenInteractor.swift */,
			);
			path = StartScreen;
			sourceTree = "<group>";
		};
		669DC67529659CC40090D50C /* StartScreen */ = {
			isa = PBXGroup;
			children = (
				669DC67629659CD50090D50C /* PhoneFormView.swift */,
				669DC67829659CF90090D50C /* CodeFormView.swift */,
			);
			path = StartScreen;
			sourceTree = "<group>";
		};
		669DC67E296726280090D50C /* MiniApps */ = {
			isa = PBXGroup;
			children = (
				669DC67F2967263D0090D50C /* MiniAppCollectionCell.swift */,
			);
			path = MiniApps;
			sourceTree = "<group>";
		};
		669DC681296758410090D50C /* MessageScreen */ = {
			isa = PBXGroup;
			children = (
				669DC682296758590090D50C /* MessageScreenModuleBuilder.swift */,
				669DC683296758590090D50C /* MessageScreenPresenter.swift */,
				669DC684296758590090D50C /* MessageScreenRouter.swift */,
				669DC685296758590090D50C /* MessageScreenViewController.swift */,
				669DC686296758590090D50C /* MessageScreenInteractor.swift */,
			);
			path = MessageScreen;
			sourceTree = "<group>";
		};
		669DC68C2967E5C60090D50C /* Genealogy */ = {
			isa = PBXGroup;
			children = (
				669DC68D2967E5DF0090D50C /* GenealogyModuleBuilder.swift */,
				669DC68E2967E5DF0090D50C /* GenealogyPresenter.swift */,
				669DC68F2967E5DF0090D50C /* GenealogyRouter.swift */,
				669DC6902967E5DF0090D50C /* GenealogyViewController.swift */,
				669DC6912967E5DF0090D50C /* GenealogyInteractor.swift */,
			);
			path = Genealogy;
			sourceTree = "<group>";
		};
		66A8A4FA2926E0C9000BFC29 /* Base */ = {
			isa = PBXGroup;
			children = (
				66A8A4FD2926E0DB000BFC29 /* BaseRouter.swift */,
				66A8A4FE2926E0DB000BFC29 /* BaseViewController.swift */,
			);
			path = Base;
			sourceTree = "<group>";
		};
		66A8A5032926E161000BFC29 /* AnnotationScreen */ = {
			isa = PBXGroup;
			children = (
				66A8A5062926E173000BFC29 /* AnnotationScreenViewController.swift */,
				66A8A5072926E173000BFC29 /* AnnotationScreenModuleBuilder.swift */,
				66A8A5082926E173000BFC29 /* AnnotationScreenPresenter.swift */,
				66A8A5092926E173000BFC29 /* AnnotationScreenInteractor.swift */,
				66A8A50A2926E173000BFC29 /* AnnotationScreenRouter.swift */,
			);
			path = AnnotationScreen;
			sourceTree = "<group>";
		};
		66A8A5102926E1D9000BFC29 /* SearchScreen */ = {
			isa = PBXGroup;
			children = (
				66A8A5112926E1D9000BFC29 /* SearchScreenModuleBuilder.swift */,
				66A8A5122926E1D9000BFC29 /* SearchScreenRouter.swift */,
				66A8A5132926E1D9000BFC29 /* SearchScreenViewController.swift */,
				66A8A5142926E1D9000BFC29 /* SearchScreenPresenter.swift */,
				66A8A5152926E1D9000BFC29 /* SearchScreenInteractor.swift */,
			);
			path = SearchScreen;
			sourceTree = "<group>";
		};
		66BB603E295114A600C6339A /* MainScreenTests */ = {
			isa = PBXGroup;
			children = (
				66BB603F295114BE00C6339A /* MainScreenTests.swift */,
			);
			path = MainScreenTests;
			sourceTree = "<group>";
		};
		66C1CDD8293026BB00249231 /* Common */ = {
			isa = PBXGroup;
			children = (
				66C1CDD02930217300249231 /* CollectionCellWithShimmer.swift */,
			);
			path = Common;
			sourceTree = "<group>";
		};
		66C55D1E2945D34A00EFB899 /* MapScreen */ = {
			isa = PBXGroup;
			children = (
				66C55D1F2945D35D00EFB899 /* AnnotationInfoView.swift */,
				6678803F2958DB7F00C622FC /* AnnotationAddingView.swift */,
			);
			path = MapScreen;
			sourceTree = "<group>";
		};
		66D41EA32932CA0400FD66CA /* Profile */ = {
			isa = PBXGroup;
			children = (
				66D41EA42932CA1800FD66CA /* ProfileModuleBuilder.swift */,
				66D41EA52932CA1800FD66CA /* ProfilePresenter.swift */,
				66D41EA62932CA1800FD66CA /* ProfileRouter.swift */,
				66D41EA72932CA1800FD66CA /* ProfileViewController.swift */,
				66D41EA82932CA1800FD66CA /* ProfileInteractor.swift */,
			);
			path = Profile;
			sourceTree = "<group>";
		};
		66D41EB02932D1A700FD66CA /* Profile */ = {
			isa = PBXGroup;
			children = (
				66D41EB12932D1B700FD66CA /* ProfileTableViewCell.swift */,
			);
			path = Profile;
			sourceTree = "<group>";
		};
		66D7D9002935228C003D0471 /* CodeData */ = {
			isa = PBXGroup;
			children = (
				66FB06A4293FE06500DFEFA3 /* BusinessObjectCoreModel+CoreDataClass.swift */,
				66FB06A5293FE06500DFEFA3 /* BusinessObjectCoreModel+CoreDataProperties.swift */,
				66FB06A0293FD26000DFEFA3 /* ImageCoreModel+CoreDataClass.swift */,
				66FB06A1293FD26000DFEFA3 /* ImageCoreModel+CoreDataProperties.swift */,
			);
			path = CodeData;
			sourceTree = "<group>";
		};
		A8BBCC3D38B1C0ED62D570A6 /* Frameworks */ = {
			isa = PBXGroup;
			children = (
				66F0FE06295CB960005C0E7A /* KraevedKit.framework */,
				66F0FE02295CB33D005C0E7A /* KraevedKit.framework */,
				66F0FDFE295CB2FD005C0E7A /* KraevedKit.framework */,
				6609002E2950B4DE004642E7 /* XCTest.framework */,
				B5910004C32DD89882D62D4B /* Pods_Kraeved.framework */,
			);
			name = Frameworks;
			sourceTree = "<group>";
		};
/* End PBXGroup section */

/* Begin PBXNativeTarget section */
		660889F72926DC0300CB5E23 /* Kraeved */ = {
			isa = PBXNativeTarget;
			buildConfigurationList = 66088A0F2926DC0400CB5E23 /* Build configuration list for PBXNativeTarget "Kraeved" */;
			buildPhases = (
				568B45DADB7A5BB2D64F3231 /* [CP] Check Pods Manifest.lock */,
				6670E06B2943A41B00C1E229 /* ShellScript */,
				660889F42926DC0300CB5E23 /* Sources */,
				660889F52926DC0300CB5E23 /* Frameworks */,
				660889F62926DC0300CB5E23 /* Resources */,
				2681FAC37296CCE6B6FC4E85 /* [CP] Embed Pods Frameworks */,
			);
			buildRules = (
			);
			dependencies = (
			);
			name = Kraeved;
			productName = Kraeved;
			productReference = 660889F82926DC0300CB5E23 /* Kraeved.app */;
			productType = "com.apple.product-type.application";
		};
		660900372950B6AA004642E7 /* KraevedTests */ = {
			isa = PBXNativeTarget;
			buildConfigurationList = 6609003E2950B6AA004642E7 /* Build configuration list for PBXNativeTarget "KraevedTests" */;
			buildPhases = (
				660900342950B6AA004642E7 /* Sources */,
				660900352950B6AA004642E7 /* Frameworks */,
				660900362950B6AA004642E7 /* Resources */,
			);
			buildRules = (
			);
			dependencies = (
				6609003D2950B6AA004642E7 /* PBXTargetDependency */,
			);
			name = KraevedTests;
			productName = KraevedTests;
			productReference = 660900382950B6AA004642E7 /* KraevedTests.xctest */;
			productType = "com.apple.product-type.bundle.unit-test";
		};
/* End PBXNativeTarget section */

/* Begin PBXProject section */
		660889F02926DC0300CB5E23 /* Project object */ = {
			isa = PBXProject;
			attributes = {
				BuildIndependentTargetsInParallel = 1;
				LastSwiftUpdateCheck = 1410;
				LastUpgradeCheck = 1410;
				TargetAttributes = {
					660889F72926DC0300CB5E23 = {
						CreatedOnToolsVersion = 14.1;
					};
					660900372950B6AA004642E7 = {
						CreatedOnToolsVersion = 14.1;
						TestTargetID = 660889F72926DC0300CB5E23;
					};
				};
			};
			buildConfigurationList = 660889F32926DC0300CB5E23 /* Build configuration list for PBXProject "Kraeved" */;
			compatibilityVersion = "Xcode 14.0";
			developmentRegion = en;
			hasScannedForEncodings = 0;
			knownRegions = (
				en,
				ru,
				Base,
			);
			mainGroup = 660889EF2926DC0300CB5E23;
			productRefGroup = 660889F92926DC0300CB5E23 /* Products */;
			projectDirPath = "";
			projectRoot = "";
			targets = (
				660889F72926DC0300CB5E23 /* Kraeved */,
				660900372950B6AA004642E7 /* KraevedTests */,
			);
		};
/* End PBXProject section */

/* Begin PBXResourcesBuildPhase section */
		660889F62926DC0300CB5E23 /* Resources */ = {
			isa = PBXResourcesBuildPhase;
			buildActionMask = 2147483647;
			files = (
				6678803E29584E2900C622FC /* Localizable.strings in Resources */,
				66088A082926DC0400CB5E23 /* Assets.xcassets in Resources */,
				66A8A5342926E9D0000BFC29 /* Localizable.strings in Resources */,
				660F66242926EDBB00236A6D /* LaunchScreen.storyboard in Resources */,
				66A8A53B2926EA3A000BFC29 /* Main.storyboard in Resources */,
			);
			runOnlyForDeploymentPostprocessing = 0;
		};
		660900362950B6AA004642E7 /* Resources */ = {
			isa = PBXResourcesBuildPhase;
			buildActionMask = 2147483647;
			files = (
			);
			runOnlyForDeploymentPostprocessing = 0;
		};
/* End PBXResourcesBuildPhase section */

/* Begin PBXShellScriptBuildPhase section */
		2681FAC37296CCE6B6FC4E85 /* [CP] Embed Pods Frameworks */ = {
			isa = PBXShellScriptBuildPhase;
			buildActionMask = 2147483647;
			files = (
			);
			inputFileListPaths = (
				"${PODS_ROOT}/Target Support Files/Pods-Kraeved/Pods-Kraeved-frameworks-${CONFIGURATION}-input-files.xcfilelist",
			);
			name = "[CP] Embed Pods Frameworks";
			outputFileListPaths = (
				"${PODS_ROOT}/Target Support Files/Pods-Kraeved/Pods-Kraeved-frameworks-${CONFIGURATION}-output-files.xcfilelist",
			);
			runOnlyForDeploymentPostprocessing = 0;
			shellPath = /bin/sh;
			shellScript = "\"${PODS_ROOT}/Target Support Files/Pods-Kraeved/Pods-Kraeved-frameworks.sh\"\n";
			showEnvVarsInLog = 0;
		};
		568B45DADB7A5BB2D64F3231 /* [CP] Check Pods Manifest.lock */ = {
			isa = PBXShellScriptBuildPhase;
			buildActionMask = 2147483647;
			files = (
			);
			inputFileListPaths = (
			);
			inputPaths = (
				"${PODS_PODFILE_DIR_PATH}/Podfile.lock",
				"${PODS_ROOT}/Manifest.lock",
			);
			name = "[CP] Check Pods Manifest.lock";
			outputFileListPaths = (
			);
			outputPaths = (
				"$(DERIVED_FILE_DIR)/Pods-Kraeved-checkManifestLockResult.txt",
			);
			runOnlyForDeploymentPostprocessing = 0;
			shellPath = /bin/sh;
			shellScript = "diff \"${PODS_PODFILE_DIR_PATH}/Podfile.lock\" \"${PODS_ROOT}/Manifest.lock\" > /dev/null\nif [ $? != 0 ] ; then\n    # print error to STDERR\n    echo \"error: The sandbox is not in sync with the Podfile.lock. Run 'pod install' or update your CocoaPods installation.\" >&2\n    exit 1\nfi\n# This output is used by Xcode 'outputs' to avoid re-running this script phase.\necho \"SUCCESS\" > \"${SCRIPT_OUTPUT_FILE_0}\"\n";
			showEnvVarsInLog = 0;
		};
		6670E06B2943A41B00C1E229 /* ShellScript */ = {
			isa = PBXShellScriptBuildPhase;
			alwaysOutOfDate = 1;
			buildActionMask = 2147483647;
			files = (
			);
			inputFileListPaths = (
			);
			inputPaths = (
			);
			outputFileListPaths = (
			);
			outputPaths = (
			);
			runOnlyForDeploymentPostprocessing = 0;
			shellPath = /bin/sh;
			shellScript = "export PATH=\"$PATH:/opt/homebrew/bin\"\nif which swiftlint > /dev/null; then\n  swiftlint\nelse\n  echo \"warning: SwiftLint not installed, download from https://github.com/realm/SwiftLint\"\nfi\n";
		};
/* End PBXShellScriptBuildPhase section */

/* Begin PBXSourcesBuildPhase section */
		660889F42926DC0300CB5E23 /* Sources */ = {
			isa = PBXSourcesBuildPhase;
			buildActionMask = 2147483647;
			files = (
				66FB06A7293FE06500DFEFA3 /* BusinessObjectCoreModel+CoreDataProperties.swift in Sources */,
				66088A452926DDA900CB5E23 /* Transport.swift in Sources */,
				66FB06A2293FD26000DFEFA3 /* ImageCoreModel+CoreDataClass.swift in Sources */,
				66088A392926DD7900CB5E23 /* APIManager.swift in Sources */,
				669DC68B296758590090D50C /* MessageScreenInteractor.swift in Sources */,
				66A8A5172926E1D9000BFC29 /* SearchScreenRouter.swift in Sources */,
				669DC6942967E5DF0090D50C /* GenealogyRouter.swift in Sources */,
				66183DE8292AAEE0008412B0 /* EntityCellView.swift in Sources */,
				66183E07292C2B1D008412B0 /* UIColor+mix.swift in Sources */,
				66088A252926DCD700CB5E23 /* MainScreenModuleBuilder.swift in Sources */,
				66A8A5022926E0DB000BFC29 /* BaseViewController.swift in Sources */,
				66088A3B2926DD8900CB5E23 /* AnnotationManager.swift in Sources */,
				66D41EB22932D1B700FD66CA /* ProfileTableViewCell.swift in Sources */,
				66183E29292D8293008412B0 /* MainTableCellFactory.swift in Sources */,
				66A8A5012926E0DB000BFC29 /* BaseRouter.swift in Sources */,
				66183E27292D7C8A008412B0 /* EntityDetailsInteractor.swift in Sources */,
				66D41EA92932CA1800FD66CA /* ProfileModuleBuilder.swift in Sources */,
				66956E602932587D00FC161C /* SearchTableViewCell.swift in Sources */,
				66183DE1292AA6CF008412B0 /* MainTableAdapter.swift in Sources */,
				66183E23292D7C8A008412B0 /* EntityDetailsModuleBuilder.swift in Sources */,
				669DC674296595230090D50C /* format.swift in Sources */,
				66956E3929310BFE00FC161C /* BusinessObjectManager.swift in Sources */,
				66A8A5162926E1D9000BFC29 /* SearchScreenModuleBuilder.swift in Sources */,
				66FB06A3293FD26000DFEFA3 /* ImageCoreModel+CoreDataProperties.swift in Sources */,
				66D7D9042935235A003D0471 /* CoreDataManager.swift in Sources */,
				66183DEE292ABBEB008412B0 /* EntityCollectionCell.swift in Sources */,
				66183E24292D7C8A008412B0 /* EntityDetailsPresenter.swift in Sources */,
				66A8A5192926E1D9000BFC29 /* SearchScreenPresenter.swift in Sources */,
				66088A262926DCD700CB5E23 /* MainScreenPresenter.swift in Sources */,
				66FB06A6293FE06500DFEFA3 /* BusinessObjectCoreModel+CoreDataClass.swift in Sources */,
				66C1CDD7293025F600249231 /* Array+safeIndex.swift in Sources */,
				66088A462926DDA900CB5E23 /* Annotation.swift in Sources */,
				66956E62293259F600FC161C /* SearchTableAdapter.swift in Sources */,
				66A8A51A2926E1D9000BFC29 /* SearchScreenInteractor.swift in Sources */,
				66A8A50C2926E173000BFC29 /* AnnotationScreenModuleBuilder.swift in Sources */,
				669DC67729659CD50090D50C /* PhoneFormView.swift in Sources */,
				669DC67029657D8B0090D50C /* StartScreenRouter.swift in Sources */,
				66183DF7292BC318008412B0 /* Constants.swift in Sources */,
				66183E25292D7C8A008412B0 /* EntityDetailsRouter.swift in Sources */,
				66A8A50D2926E173000BFC29 /* AnnotationScreenPresenter.swift in Sources */,
				667880402958DB7F00C622FC /* AnnotationAddingView.swift in Sources */,
				66D41EAB2932CA1800FD66CA /* ProfileRouter.swift in Sources */,
				668E612D294FAAE000478BE3 /* OnboardingView.swift in Sources */,
				669DC6802967263D0090D50C /* MiniAppCollectionCell.swift in Sources */,
				66183DFB292BF602008412B0 /* EntityManager.swift in Sources */,
				66088A322926DD2D00CB5E23 /* MapScreenModuleBuilder.swift in Sources */,
				66D41EAF2932CD7300FD66CA /* ProfileTableAdapter.swift in Sources */,
				669DC66F29657D8B0090D50C /* StartScreenPresenter.swift in Sources */,
				66A8A5182926E1D9000BFC29 /* SearchScreenViewController.swift in Sources */,
				660889FC2926DC0300CB5E23 /* AppDelegate.swift in Sources */,
				669DC67229657D8B0090D50C /* StartScreenInteractor.swift in Sources */,
				668E6127294F805F00478BE3 /* ActivityIndicatorView.swift in Sources */,
				66088A062926DC0300CB5E23 /* Kraeved.xcdatamodeld in Sources */,
				66183E05292C1DF8008412B0 /* UIImage+areaAverage.swift in Sources */,
				66183E09292D6427008412B0 /* MetaObject.swift in Sources */,
				669DC67D296724540090D50C /* MiniAppCollectionAdapter.swift in Sources */,
				66D41EAC2932CA1800FD66CA /* ProfileViewController.swift in Sources */,
				669DC68A296758590090D50C /* MessageScreenViewController.swift in Sources */,
				66088A342926DD2D00CB5E23 /* MapScreenRouter.swift in Sources */,
				669DC687296758590090D50C /* MessageScreenModuleBuilder.swift in Sources */,
				66088A292926DCD700CB5E23 /* MainScreenInteractor.swift in Sources */,
				66A8A50F2926E173000BFC29 /* AnnotationScreenRouter.swift in Sources */,
				669DC67129657D8B0090D50C /* StartScreenViewController.swift in Sources */,
				66183E0C292D7907008412B0 /* BusinessObject.swift in Sources */,
				66088A1E2926DC8000CB5E23 /* TabBarController.swift in Sources */,
				66D41EAA2932CA1800FD66CA /* ProfilePresenter.swift in Sources */,
				668E612B294FA48D00478BE3 /* Notifications.swift in Sources */,
				669DC66E29657D8B0090D50C /* StartScreenModuleBuilder.swift in Sources */,
				66183E26292D7C8A008412B0 /* EntityDetailsViewController.swift in Sources */,
				669DC6922967E5DF0090D50C /* GenealogyModuleBuilder.swift in Sources */,
				66AFDD09296C0E3A0056A012 /* UserDefaultConstants.swift in Sources */,
				660FD9922956575600B69376 /* MiniAppsScreenInteractor.swift in Sources */,
				660FD98F2956575600B69376 /* MiniAppsScreenPresenter.swift in Sources */,
				66183E01292C0C85008412B0 /* UIImage+blurImage.swift in Sources */,
				66088A362926DD2D00CB5E23 /* MapScreenInteractor.swift in Sources */,
				66A8A50E2926E173000BFC29 /* AnnotationScreenInteractor.swift in Sources */,
				660FD9902956575600B69376 /* MiniAppsScreenRouter.swift in Sources */,
				66183DF2292BA69B008412B0 /* User.swift in Sources */,
				669DC67B2966CA1F0090D50C /* AuthManager.swift in Sources */,
				669DC69A2968267A0090D50C /* AnnotationTypePickerAdapter.swift in Sources */,
				66183DEB292AB5D4008412B0 /* generateRandomPastelColor.swift in Sources */,
				66183DE6292AA797008412B0 /* MainTableViewCell.swift in Sources */,
				660889FE2926DC0300CB5E23 /* SceneDelegate.swift in Sources */,
				66088A332926DD2D00CB5E23 /* MapScreenPresenter.swift in Sources */,
				66183DF9292BF2BC008412B0 /* Entity.swift in Sources */,
				66088A352926DD2D00CB5E23 /* MapScreenViewController.swift in Sources */,
				66C55D202945D35D00EFB899 /* AnnotationInfoView.swift in Sources */,
				66088A272926DCD700CB5E23 /* MainScreenRouter.swift in Sources */,
				669DC6962967E5DF0090D50C /* GenealogyInteractor.swift in Sources */,
				66183DFD292BFE3E008412B0 /* ImageManager.swift in Sources */,
				669DC67929659CF90090D50C /* CodeFormView.swift in Sources */,
				669DC688296758590090D50C /* MessageScreenPresenter.swift in Sources */,
				66C1CDD12930217300249231 /* CollectionCellWithShimmer.swift in Sources */,
				66183DF5292BACC4008412B0 /* UIColor+Extra.swift in Sources */,
				669DC6932967E5DF0090D50C /* GenealogyPresenter.swift in Sources */,
				660FD98E2956575600B69376 /* MiniAppsScreenModuleBuilder.swift in Sources */,
				66A8A50B2926E173000BFC29 /* AnnotationScreenViewController.swift in Sources */,
				669DC6952967E5DF0090D50C /* GenealogyViewController.swift in Sources */,
				660FD9912956575600B69376 /* MiniAppsScreenViewController.swift in Sources */,
				66C55D1D2945B8B700EFB899 /* UIImage+Extra.swift in Sources */,
				66088A282926DCD700CB5E23 /* MainScreenViewController.swift in Sources */,
				669DC689296758590090D50C /* MessageScreenRouter.swift in Sources */,
				66D41EAD2932CA1800FD66CA /* ProfileInteractor.swift in Sources */,
			);
			runOnlyForDeploymentPostprocessing = 0;
		};
		660900342950B6AA004642E7 /* Sources */ = {
			isa = PBXSourcesBuildPhase;
			buildActionMask = 2147483647;
			files = (
				660FD95E295345B900B69376 /* BaseRouterMock.swift in Sources */,
				66BB6040295114BE00C6339A /* MainScreenTests.swift in Sources */,
				660FD96329534C5900B69376 /* BusinessObjectManagerMock.swift in Sources */,
				660FD96729534EAF00B69376 /* ImageManagerMock.swift in Sources */,
				660FD96529534E5E00B69376 /* EntityManagerTest.swift in Sources */,
			);
			runOnlyForDeploymentPostprocessing = 0;
		};
/* End PBXSourcesBuildPhase section */

/* Begin PBXTargetDependency section */
		6609003D2950B6AA004642E7 /* PBXTargetDependency */ = {
			isa = PBXTargetDependency;
			target = 660889F72926DC0300CB5E23 /* Kraeved */;
			targetProxy = 6609003C2950B6AA004642E7 /* PBXContainerItemProxy */;
		};
/* End PBXTargetDependency section */

/* Begin PBXVariantGroup section */
		66A8A5362926E9D0000BFC29 /* Localizable.strings */ = {
			isa = PBXVariantGroup;
			children = (
				66A8A5352926E9D0000BFC29 /* en */,
			);
			name = Localizable.strings;
			sourceTree = "<group>";
		};
		66A8A5392926E9D5000BFC29 /* Localizable.strings */ = {
			isa = PBXVariantGroup;
			children = (
				66A8A5382926E9D5000BFC29 /* ru */,
			);
			name = Localizable.strings;
			sourceTree = "<group>";
		};
/* End PBXVariantGroup section */

/* Begin XCBuildConfiguration section */
		66088A0D2926DC0400CB5E23 /* Debug */ = {
			isa = XCBuildConfiguration;
			buildSettings = {
				ALWAYS_SEARCH_USER_PATHS = NO;
				CLANG_ANALYZER_LOCALIZABILITY_NONLOCALIZED = YES;
				CLANG_ANALYZER_NONNULL = YES;
				CLANG_ANALYZER_NUMBER_OBJECT_CONVERSION = YES_AGGRESSIVE;
				CLANG_CXX_LANGUAGE_STANDARD = "gnu++20";
				CLANG_ENABLE_MODULES = YES;
				CLANG_ENABLE_OBJC_ARC = YES;
				CLANG_ENABLE_OBJC_WEAK = YES;
				CLANG_WARN_BLOCK_CAPTURE_AUTORELEASING = YES;
				CLANG_WARN_BOOL_CONVERSION = YES;
				CLANG_WARN_COMMA = YES;
				CLANG_WARN_CONSTANT_CONVERSION = YES;
				CLANG_WARN_DEPRECATED_OBJC_IMPLEMENTATIONS = YES;
				CLANG_WARN_DIRECT_OBJC_ISA_USAGE = YES_ERROR;
				CLANG_WARN_DOCUMENTATION_COMMENTS = YES;
				CLANG_WARN_EMPTY_BODY = YES;
				CLANG_WARN_ENUM_CONVERSION = YES;
				CLANG_WARN_INFINITE_RECURSION = YES;
				CLANG_WARN_INT_CONVERSION = YES;
				CLANG_WARN_NON_LITERAL_NULL_CONVERSION = YES;
				CLANG_WARN_OBJC_IMPLICIT_RETAIN_SELF = YES;
				CLANG_WARN_OBJC_LITERAL_CONVERSION = YES;
				CLANG_WARN_OBJC_ROOT_CLASS = YES_ERROR;
				CLANG_WARN_QUOTED_INCLUDE_IN_FRAMEWORK_HEADER = YES;
				CLANG_WARN_RANGE_LOOP_ANALYSIS = YES;
				CLANG_WARN_STRICT_PROTOTYPES = YES;
				CLANG_WARN_SUSPICIOUS_MOVE = YES;
				CLANG_WARN_UNGUARDED_AVAILABILITY = YES_AGGRESSIVE;
				CLANG_WARN_UNREACHABLE_CODE = YES;
				CLANG_WARN__DUPLICATE_METHOD_MATCH = YES;
				COPY_PHASE_STRIP = NO;
				DEBUG_INFORMATION_FORMAT = dwarf;
				ENABLE_STRICT_OBJC_MSGSEND = YES;
				ENABLE_TESTABILITY = YES;
				GCC_C_LANGUAGE_STANDARD = gnu11;
				GCC_DYNAMIC_NO_PIC = NO;
				GCC_NO_COMMON_BLOCKS = YES;
				GCC_OPTIMIZATION_LEVEL = 0;
				GCC_PREPROCESSOR_DEFINITIONS = (
					"DEBUG=1",
					"$(inherited)",
				);
				GCC_WARN_64_TO_32_BIT_CONVERSION = YES;
				GCC_WARN_ABOUT_RETURN_TYPE = YES_ERROR;
				GCC_WARN_UNDECLARED_SELECTOR = YES;
				GCC_WARN_UNINITIALIZED_AUTOS = YES_AGGRESSIVE;
				GCC_WARN_UNUSED_FUNCTION = YES;
				GCC_WARN_UNUSED_VARIABLE = YES;
				IPHONEOS_DEPLOYMENT_TARGET = 12.4;
				MTL_ENABLE_DEBUG_INFO = INCLUDE_SOURCE;
				MTL_FAST_MATH = YES;
				ONLY_ACTIVE_ARCH = YES;
				SDKROOT = iphoneos;
				SWIFT_ACTIVE_COMPILATION_CONDITIONS = DEBUG;
				SWIFT_OPTIMIZATION_LEVEL = "-Onone";
			};
			name = Debug;
		};
		66088A0E2926DC0400CB5E23 /* Release */ = {
			isa = XCBuildConfiguration;
			buildSettings = {
				ALWAYS_SEARCH_USER_PATHS = NO;
				CLANG_ANALYZER_LOCALIZABILITY_NONLOCALIZED = YES;
				CLANG_ANALYZER_NONNULL = YES;
				CLANG_ANALYZER_NUMBER_OBJECT_CONVERSION = YES_AGGRESSIVE;
				CLANG_CXX_LANGUAGE_STANDARD = "gnu++20";
				CLANG_ENABLE_MODULES = YES;
				CLANG_ENABLE_OBJC_ARC = YES;
				CLANG_ENABLE_OBJC_WEAK = YES;
				CLANG_WARN_BLOCK_CAPTURE_AUTORELEASING = YES;
				CLANG_WARN_BOOL_CONVERSION = YES;
				CLANG_WARN_COMMA = YES;
				CLANG_WARN_CONSTANT_CONVERSION = YES;
				CLANG_WARN_DEPRECATED_OBJC_IMPLEMENTATIONS = YES;
				CLANG_WARN_DIRECT_OBJC_ISA_USAGE = YES_ERROR;
				CLANG_WARN_DOCUMENTATION_COMMENTS = YES;
				CLANG_WARN_EMPTY_BODY = YES;
				CLANG_WARN_ENUM_CONVERSION = YES;
				CLANG_WARN_INFINITE_RECURSION = YES;
				CLANG_WARN_INT_CONVERSION = YES;
				CLANG_WARN_NON_LITERAL_NULL_CONVERSION = YES;
				CLANG_WARN_OBJC_IMPLICIT_RETAIN_SELF = YES;
				CLANG_WARN_OBJC_LITERAL_CONVERSION = YES;
				CLANG_WARN_OBJC_ROOT_CLASS = YES_ERROR;
				CLANG_WARN_QUOTED_INCLUDE_IN_FRAMEWORK_HEADER = YES;
				CLANG_WARN_RANGE_LOOP_ANALYSIS = YES;
				CLANG_WARN_STRICT_PROTOTYPES = YES;
				CLANG_WARN_SUSPICIOUS_MOVE = YES;
				CLANG_WARN_UNGUARDED_AVAILABILITY = YES_AGGRESSIVE;
				CLANG_WARN_UNREACHABLE_CODE = YES;
				CLANG_WARN__DUPLICATE_METHOD_MATCH = YES;
				COPY_PHASE_STRIP = NO;
				DEBUG_INFORMATION_FORMAT = "dwarf-with-dsym";
				ENABLE_NS_ASSERTIONS = NO;
				ENABLE_STRICT_OBJC_MSGSEND = YES;
				GCC_C_LANGUAGE_STANDARD = gnu11;
				GCC_NO_COMMON_BLOCKS = YES;
				GCC_WARN_64_TO_32_BIT_CONVERSION = YES;
				GCC_WARN_ABOUT_RETURN_TYPE = YES_ERROR;
				GCC_WARN_UNDECLARED_SELECTOR = YES;
				GCC_WARN_UNINITIALIZED_AUTOS = YES_AGGRESSIVE;
				GCC_WARN_UNUSED_FUNCTION = YES;
				GCC_WARN_UNUSED_VARIABLE = YES;
				IPHONEOS_DEPLOYMENT_TARGET = 12.4;
				MTL_ENABLE_DEBUG_INFO = NO;
				MTL_FAST_MATH = YES;
				SDKROOT = iphoneos;
				SWIFT_COMPILATION_MODE = wholemodule;
				SWIFT_OPTIMIZATION_LEVEL = "-O";
				VALIDATE_PRODUCT = YES;
			};
			name = Release;
		};
		66088A102926DC0400CB5E23 /* Debug */ = {
			isa = XCBuildConfiguration;
			baseConfigurationReference = 569D5473541F4F83A3CCDE7D /* Pods-Kraeved.debug.xcconfig */;
			buildSettings = {
				ASSETCATALOG_COMPILER_APPICON_NAME = AppIcon;
				ASSETCATALOG_COMPILER_GLOBAL_ACCENT_COLOR_NAME = AccentColor;
				CODE_SIGN_STYLE = Automatic;
				CURRENT_PROJECT_VERSION = 1;
				DEVELOPMENT_ASSET_PATHS = "";
				DEVELOPMENT_TEAM = RDUKAUVKAW;
				GENERATE_INFOPLIST_FILE = YES;
				INFOPLIST_FILE = Kraeved/Info.plist;
				INFOPLIST_KEY_LSApplicationCategoryType = "public.app-category.education";
				INFOPLIST_KEY_UIApplicationSupportsIndirectInputEvents = YES;
				INFOPLIST_KEY_UILaunchStoryboardName = LaunchScreen.storyboard;
				INFOPLIST_KEY_UIMainStoryboardFile = Main;
				INFOPLIST_KEY_UISupportedInterfaceOrientations = UIInterfaceOrientationPortrait;
				INFOPLIST_KEY_UISupportedInterfaceOrientations_iPad = "UIInterfaceOrientationLandscapeLeft UIInterfaceOrientationLandscapeRight UIInterfaceOrientationPortrait UIInterfaceOrientationPortraitUpsideDown";
				IPHONEOS_DEPLOYMENT_TARGET = 12.4;
				LD_RUNPATH_SEARCH_PATHS = (
					"$(inherited)",
					"@executable_path/Frameworks",
				);
				MARKETING_VERSION = 1.0;
				PRODUCT_BUNDLE_IDENTIFIER = amelkin.Kraeved;
				PRODUCT_NAME = "$(TARGET_NAME)";
				SUPPORTED_PLATFORMS = "iphoneos iphonesimulator";
				SUPPORTS_MACCATALYST = NO;
				SUPPORTS_MAC_DESIGNED_FOR_IPHONE_IPAD = NO;
				SWIFT_EMIT_LOC_STRINGS = YES;
				SWIFT_VERSION = 5.0;
				TARGETED_DEVICE_FAMILY = 1;
			};
			name = Debug;
		};
		66088A112926DC0400CB5E23 /* Release */ = {
			isa = XCBuildConfiguration;
			baseConfigurationReference = AF7524B75B291D688488817C /* Pods-Kraeved.release.xcconfig */;
			buildSettings = {
				ASSETCATALOG_COMPILER_APPICON_NAME = AppIcon;
				ASSETCATALOG_COMPILER_GLOBAL_ACCENT_COLOR_NAME = AccentColor;
				CODE_SIGN_STYLE = Automatic;
				CURRENT_PROJECT_VERSION = 1;
				DEVELOPMENT_ASSET_PATHS = "";
				DEVELOPMENT_TEAM = RDUKAUVKAW;
				GENERATE_INFOPLIST_FILE = YES;
				INFOPLIST_FILE = Kraeved/Info.plist;
				INFOPLIST_KEY_LSApplicationCategoryType = "public.app-category.education";
				INFOPLIST_KEY_UIApplicationSupportsIndirectInputEvents = YES;
				INFOPLIST_KEY_UILaunchStoryboardName = LaunchScreen.storyboard;
				INFOPLIST_KEY_UIMainStoryboardFile = Main;
				INFOPLIST_KEY_UISupportedInterfaceOrientations = UIInterfaceOrientationPortrait;
				INFOPLIST_KEY_UISupportedInterfaceOrientations_iPad = "UIInterfaceOrientationLandscapeLeft UIInterfaceOrientationLandscapeRight UIInterfaceOrientationPortrait UIInterfaceOrientationPortraitUpsideDown";
				IPHONEOS_DEPLOYMENT_TARGET = 12.4;
				LD_RUNPATH_SEARCH_PATHS = (
					"$(inherited)",
					"@executable_path/Frameworks",
				);
				MARKETING_VERSION = 1.0;
				PRODUCT_BUNDLE_IDENTIFIER = amelkin.Kraeved;
				PRODUCT_NAME = "$(TARGET_NAME)";
				SUPPORTED_PLATFORMS = "iphoneos iphonesimulator";
				SUPPORTS_MACCATALYST = NO;
				SUPPORTS_MAC_DESIGNED_FOR_IPHONE_IPAD = NO;
				SWIFT_EMIT_LOC_STRINGS = YES;
				SWIFT_VERSION = 5.0;
				TARGETED_DEVICE_FAMILY = 1;
			};
			name = Release;
		};
		6609003F2950B6AA004642E7 /* Debug */ = {
			isa = XCBuildConfiguration;
			buildSettings = {
				BUNDLE_LOADER = "$(TEST_HOST)";
				CODE_SIGN_STYLE = Automatic;
				CURRENT_PROJECT_VERSION = 1;
				GENERATE_INFOPLIST_FILE = YES;
				IPHONEOS_DEPLOYMENT_TARGET = 12.4;
				MACOSX_DEPLOYMENT_TARGET = 13.0;
				MARKETING_VERSION = 1.0;
				PRODUCT_BUNDLE_IDENTIFIER = amelkin.KraevedTests;
				PRODUCT_NAME = "$(TARGET_NAME)";
				SDKROOT = auto;
				SUPPORTED_PLATFORMS = "iphoneos iphonesimulator";
				SUPPORTS_MACCATALYST = NO;
				SUPPORTS_MAC_DESIGNED_FOR_IPHONE_IPAD = NO;
				SWIFT_EMIT_LOC_STRINGS = NO;
				SWIFT_VERSION = 5.0;
				TARGETED_DEVICE_FAMILY = 1;
				TEST_HOST = "$(BUILT_PRODUCTS_DIR)/Kraeved.app/$(BUNDLE_EXECUTABLE_FOLDER_PATH)/Kraeved";
			};
			name = Debug;
		};
		660900402950B6AA004642E7 /* Release */ = {
			isa = XCBuildConfiguration;
			buildSettings = {
				BUNDLE_LOADER = "$(TEST_HOST)";
				CODE_SIGN_STYLE = Automatic;
				CURRENT_PROJECT_VERSION = 1;
				GENERATE_INFOPLIST_FILE = YES;
				IPHONEOS_DEPLOYMENT_TARGET = 12.4;
				MACOSX_DEPLOYMENT_TARGET = 13.0;
				MARKETING_VERSION = 1.0;
				PRODUCT_BUNDLE_IDENTIFIER = amelkin.KraevedTests;
				PRODUCT_NAME = "$(TARGET_NAME)";
				SDKROOT = auto;
				SUPPORTED_PLATFORMS = "iphoneos iphonesimulator";
				SUPPORTS_MACCATALYST = NO;
				SUPPORTS_MAC_DESIGNED_FOR_IPHONE_IPAD = NO;
				SWIFT_EMIT_LOC_STRINGS = NO;
				SWIFT_VERSION = 5.0;
				TARGETED_DEVICE_FAMILY = 1;
				TEST_HOST = "$(BUILT_PRODUCTS_DIR)/Kraeved.app/$(BUNDLE_EXECUTABLE_FOLDER_PATH)/Kraeved";
			};
			name = Release;
		};
/* End XCBuildConfiguration section */

/* Begin XCConfigurationList section */
		660889F32926DC0300CB5E23 /* Build configuration list for PBXProject "Kraeved" */ = {
			isa = XCConfigurationList;
			buildConfigurations = (
				66088A0D2926DC0400CB5E23 /* Debug */,
				66088A0E2926DC0400CB5E23 /* Release */,
			);
			defaultConfigurationIsVisible = 0;
			defaultConfigurationName = Release;
		};
		66088A0F2926DC0400CB5E23 /* Build configuration list for PBXNativeTarget "Kraeved" */ = {
			isa = XCConfigurationList;
			buildConfigurations = (
				66088A102926DC0400CB5E23 /* Debug */,
				66088A112926DC0400CB5E23 /* Release */,
			);
			defaultConfigurationIsVisible = 0;
			defaultConfigurationName = Release;
		};
		6609003E2950B6AA004642E7 /* Build configuration list for PBXNativeTarget "KraevedTests" */ = {
			isa = XCConfigurationList;
			buildConfigurations = (
				6609003F2950B6AA004642E7 /* Debug */,
				660900402950B6AA004642E7 /* Release */,
			);
			defaultConfigurationIsVisible = 0;
			defaultConfigurationName = Release;
		};
/* End XCConfigurationList section */

/* Begin XCVersionGroup section */
		66088A042926DC0300CB5E23 /* Kraeved.xcdatamodeld */ = {
			isa = XCVersionGroup;
			children = (
				66D7D91329356819003D0471 /* Kraeved2.xcdatamodel */,
				66088A052926DC0300CB5E23 /* Kraeved.xcdatamodel */,
			);
			currentVersion = 66088A052926DC0300CB5E23 /* Kraeved.xcdatamodel */;
			path = Kraeved.xcdatamodeld;
			sourceTree = "<group>";
			versionGroupType = wrapper.xcdatamodel;
		};
/* End XCVersionGroup section */
	};
	rootObject = 660889F02926DC0300CB5E23 /* Project object */;
}
